// !$*UTF8*$!
{
	archiveVersion = 1;
	classes = {
	};
	objectVersion = 51;
	objects = {

/* Begin PBXBuildFile section */
		23F13501A450B588FDADF601 /* Pods_GBShopTests.framework in Frameworks */ = {isa = PBXBuildFile; fileRef = 5913A403C7DC942FEE2754EC /* Pods_GBShopTests.framework */; };
		2A80A41E5C6D6E4983C5A6EF /* Pods_GBShop_GBShopUITests.framework in Frameworks */ = {isa = PBXBuildFile; fileRef = 3F6A95A979E171A7C841328F /* Pods_GBShop_GBShopUITests.framework */; };
		4599BAC5E03C3EBCCDF21D14 /* Pods_GBShop.framework in Frameworks */ = {isa = PBXBuildFile; fileRef = 2B1A645066655E09ECB34B56 /* Pods_GBShop.framework */; };
		FAE5AC3D267F885F00F070DC /* AppDelegate.swift in Sources */ = {isa = PBXBuildFile; fileRef = FAE5AC3C267F885F00F070DC /* AppDelegate.swift */; };
		FAE5AC3F267F885F00F070DC /* SceneDelegate.swift in Sources */ = {isa = PBXBuildFile; fileRef = FAE5AC3E267F885F00F070DC /* SceneDelegate.swift */; };
		FAE5AC41267F885F00F070DC /* ViewController.swift in Sources */ = {isa = PBXBuildFile; fileRef = FAE5AC40267F885F00F070DC /* ViewController.swift */; };
		FAE5AC44267F885F00F070DC /* Main.storyboard in Resources */ = {isa = PBXBuildFile; fileRef = FAE5AC42267F885F00F070DC /* Main.storyboard */; };
		FAE5AC46267F887100F070DC /* Assets.xcassets in Resources */ = {isa = PBXBuildFile; fileRef = FAE5AC45267F887100F070DC /* Assets.xcassets */; };
		FAE5AC49267F887100F070DC /* LaunchScreen.storyboard in Resources */ = {isa = PBXBuildFile; fileRef = FAE5AC47267F887100F070DC /* LaunchScreen.storyboard */; };
		FAE5AC54267F887100F070DC /* GBShopTests.swift in Sources */ = {isa = PBXBuildFile; fileRef = FAE5AC53267F887100F070DC /* GBShopTests.swift */; };
		FAE5AC5F267F887200F070DC /* GBShopUITests.swift in Sources */ = {isa = PBXBuildFile; fileRef = FAE5AC5E267F887200F070DC /* GBShopUITests.swift */; };
		FAE5AC81268278DB00F070DC /* LoginResult.swift in Sources */ = {isa = PBXBuildFile; fileRef = FAE5AC80268278DB00F070DC /* LoginResult.swift */; };
		FAE5AC87268278F600F070DC /* User.swift in Sources */ = {isa = PBXBuildFile; fileRef = FAE5AC86268278F600F070DC /* User.swift */; };
		FAE5AC902682794400F070DC /* AuthRequestFactory.swift in Sources */ = {isa = PBXBuildFile; fileRef = FAE5AC8F2682794400F070DC /* AuthRequestFactory.swift */; };
		FAE5ACA226827A1C00F070DC /* Auth.swift in Sources */ = {isa = PBXBuildFile; fileRef = FAE5ACA126827A1C00F070DC /* Auth.swift */; };
		FAE5ACA726827AC200F070DC /* RequestFactory.swift in Sources */ = {isa = PBXBuildFile; fileRef = FAE5ACA626827AC200F070DC /* RequestFactory.swift */; };
		FAE5ACAD26827BF900F070DC /* AbstractErrorParser.swift in Sources */ = {isa = PBXBuildFile; fileRef = FAE5ACAC26827BF900F070DC /* AbstractErrorParser.swift */; };
		FAE5ACB226827C5100F070DC /* ErrorParser.swift in Sources */ = {isa = PBXBuildFile; fileRef = FAE5ACB126827C5100F070DC /* ErrorParser.swift */; };
		FAE5ACB726827CB700F070DC /* CustomDecodableSerializer.swift in Sources */ = {isa = PBXBuildFile; fileRef = FAE5ACB626827CB600F070DC /* CustomDecodableSerializer.swift */; };
		FAE5ACBC26827D1800F070DC /* DataRequest.swift in Sources */ = {isa = PBXBuildFile; fileRef = FAE5ACBB26827D1800F070DC /* DataRequest.swift */; };
		FAE5ACC226827D6200F070DC /* RequestRouter.swift in Sources */ = {isa = PBXBuildFile; fileRef = FAE5ACC126827D6200F070DC /* RequestRouter.swift */; };
		FAE5ACD42683B07900F070DC /* LogoutRequestFactory.swift in Sources */ = {isa = PBXBuildFile; fileRef = FAE5ACD32683B07900F070DC /* LogoutRequestFactory.swift */; };
		FAE5ACD92683B0FC00F070DC /* LogoutResult.swift in Sources */ = {isa = PBXBuildFile; fileRef = FAE5ACD82683B0FC00F070DC /* LogoutResult.swift */; };
		FAE5ACDE2683B13A00F070DC /* Logout.swift in Sources */ = {isa = PBXBuildFile; fileRef = FAE5ACDD2683B13A00F070DC /* Logout.swift */; };
		FAE5ACE32683B5FB00F070DC /* RegistrationRequestFactory.swift in Sources */ = {isa = PBXBuildFile; fileRef = FAE5ACE22683B5FB00F070DC /* RegistrationRequestFactory.swift */; };
		FAE5ACE82683B6A200F070DC /* RegistrationResult.swift in Sources */ = {isa = PBXBuildFile; fileRef = FAE5ACE72683B6A200F070DC /* RegistrationResult.swift */; };
		FAE5ACED2683B74A00F070DC /* Registration.swift in Sources */ = {isa = PBXBuildFile; fileRef = FAE5ACEC2683B74A00F070DC /* Registration.swift */; };
		FAE5ACFA2683BEF800F070DC /* UserUpdateResult.swift in Sources */ = {isa = PBXBuildFile; fileRef = FAE5ACF92683BEF800F070DC /* UserUpdateResult.swift */; };
		FAE5ACFF2683BF2A00F070DC /* UserUpdateRequestFactory.swift in Sources */ = {isa = PBXBuildFile; fileRef = FAE5ACFE2683BF2A00F070DC /* UserUpdateRequestFactory.swift */; };
		FAE5AD042683BF5E00F070DC /* UserUpdate.swift in Sources */ = {isa = PBXBuildFile; fileRef = FAE5AD032683BF5E00F070DC /* UserUpdate.swift */; };
		FAE5AD1F268753F400F070DC /* ResponseCodableTests.swift in Sources */ = {isa = PBXBuildFile; fileRef = FAE5AD1E268753F400F070DC /* ResponseCodableTests.swift */; };
		FAE5AD2426875AFE00F070DC /* Config.swift in Sources */ = {isa = PBXBuildFile; fileRef = FAE5AD2326875AFE00F070DC /* Config.swift */; };
		FAE5AD382687627700F070DC /* ResultTests.swift in Sources */ = {isa = PBXBuildFile; fileRef = FAE5AD372687627700F070DC /* ResultTests.swift */; };
		FAE5AD5C2687AED500F070DC /* CatalogDataResult.swift in Sources */ = {isa = PBXBuildFile; fileRef = FAE5AD5B2687AED500F070DC /* CatalogDataResult.swift */; };
		FAE5AD642687AF2500F070DC /* ProductDetailResult.swift in Sources */ = {isa = PBXBuildFile; fileRef = FAE5AD632687AF2500F070DC /* ProductDetailResult.swift */; };
		FAE5AD692687AFBD00F070DC /* CatalogRequestFactory.swift in Sources */ = {isa = PBXBuildFile; fileRef = FAE5AD682687AFBD00F070DC /* CatalogRequestFactory.swift */; };
		FAE5AD6E2687B03300F070DC /* Catalog.swift in Sources */ = {isa = PBXBuildFile; fileRef = FAE5AD6D2687B03300F070DC /* Catalog.swift */; };
		FAE5AD7B2687B6F100F070DC /* ProductRequestFactory.swift in Sources */ = {isa = PBXBuildFile; fileRef = FAE5AD7A2687B6F100F070DC /* ProductRequestFactory.swift */; };
		FAE5AD892687B86B00F070DC /* ProductInfo.swift in Sources */ = {isa = PBXBuildFile; fileRef = FAE5AD882687B86B00F070DC /* ProductInfo.swift */; };
		FAE5AD8F2687BC8D00F070DC /* ProductShortResult.swift in Sources */ = {isa = PBXBuildFile; fileRef = FAE5AD8E2687BC8D00F070DC /* ProductShortResult.swift */; };
/* End PBXBuildFile section */

/* Begin PBXContainerItemProxy section */
		FAE5AC50267F887100F070DC /* PBXContainerItemProxy */ = {
			isa = PBXContainerItemProxy;
			containerPortal = FAE5AC31267F885F00F070DC /* Project object */;
			proxyType = 1;
			remoteGlobalIDString = FAE5AC38267F885F00F070DC;
			remoteInfo = GBShop;
		};
		FAE5AC5B267F887200F070DC /* PBXContainerItemProxy */ = {
			isa = PBXContainerItemProxy;
			containerPortal = FAE5AC31267F885F00F070DC /* Project object */;
			proxyType = 1;
			remoteGlobalIDString = FAE5AC38267F885F00F070DC;
			remoteInfo = GBShop;
		};
/* End PBXContainerItemProxy section */

/* Begin PBXFileReference section */
		2230E0EC9ECBB5C3CB60082C /* Pods-GBShop-GBShopUITests.release.xcconfig */ = {isa = PBXFileReference; includeInIndex = 1; lastKnownFileType = text.xcconfig; name = "Pods-GBShop-GBShopUITests.release.xcconfig"; path = "Target Support Files/Pods-GBShop-GBShopUITests/Pods-GBShop-GBShopUITests.release.xcconfig"; sourceTree = "<group>"; };
		2B1A645066655E09ECB34B56 /* Pods_GBShop.framework */ = {isa = PBXFileReference; explicitFileType = wrapper.framework; includeInIndex = 0; path = Pods_GBShop.framework; sourceTree = BUILT_PRODUCTS_DIR; };
		3F6A95A979E171A7C841328F /* Pods_GBShop_GBShopUITests.framework */ = {isa = PBXFileReference; explicitFileType = wrapper.framework; includeInIndex = 0; path = Pods_GBShop_GBShopUITests.framework; sourceTree = BUILT_PRODUCTS_DIR; };
		5913A403C7DC942FEE2754EC /* Pods_GBShopTests.framework */ = {isa = PBXFileReference; explicitFileType = wrapper.framework; includeInIndex = 0; path = Pods_GBShopTests.framework; sourceTree = BUILT_PRODUCTS_DIR; };
		88AED6355739B97FFEA407EC /* Pods-GBShopTests.release.xcconfig */ = {isa = PBXFileReference; includeInIndex = 1; lastKnownFileType = text.xcconfig; name = "Pods-GBShopTests.release.xcconfig"; path = "Target Support Files/Pods-GBShopTests/Pods-GBShopTests.release.xcconfig"; sourceTree = "<group>"; };
		AB015104AC4D1FD33F87E74A /* Pods-GBShop.debug.xcconfig */ = {isa = PBXFileReference; includeInIndex = 1; lastKnownFileType = text.xcconfig; name = "Pods-GBShop.debug.xcconfig"; path = "Target Support Files/Pods-GBShop/Pods-GBShop.debug.xcconfig"; sourceTree = "<group>"; };
		D9370A83FE03ED936C9FEBD9 /* Pods-GBShop.release.xcconfig */ = {isa = PBXFileReference; includeInIndex = 1; lastKnownFileType = text.xcconfig; name = "Pods-GBShop.release.xcconfig"; path = "Target Support Files/Pods-GBShop/Pods-GBShop.release.xcconfig"; sourceTree = "<group>"; };
		E7A3D452746A815137DE3F21 /* Pods-GBShopTests.debug.xcconfig */ = {isa = PBXFileReference; includeInIndex = 1; lastKnownFileType = text.xcconfig; name = "Pods-GBShopTests.debug.xcconfig"; path = "Target Support Files/Pods-GBShopTests/Pods-GBShopTests.debug.xcconfig"; sourceTree = "<group>"; };
		F6AE00D07B0383A8C63BD51E /* Pods-GBShop-GBShopUITests.debug.xcconfig */ = {isa = PBXFileReference; includeInIndex = 1; lastKnownFileType = text.xcconfig; name = "Pods-GBShop-GBShopUITests.debug.xcconfig"; path = "Target Support Files/Pods-GBShop-GBShopUITests/Pods-GBShop-GBShopUITests.debug.xcconfig"; sourceTree = "<group>"; };
		FAE5AC39267F885F00F070DC /* GBShop.app */ = {isa = PBXFileReference; explicitFileType = wrapper.application; includeInIndex = 0; path = GBShop.app; sourceTree = BUILT_PRODUCTS_DIR; };
		FAE5AC3C267F885F00F070DC /* AppDelegate.swift */ = {isa = PBXFileReference; lastKnownFileType = sourcecode.swift; path = AppDelegate.swift; sourceTree = "<group>"; };
		FAE5AC3E267F885F00F070DC /* SceneDelegate.swift */ = {isa = PBXFileReference; lastKnownFileType = sourcecode.swift; path = SceneDelegate.swift; sourceTree = "<group>"; };
		FAE5AC40267F885F00F070DC /* ViewController.swift */ = {isa = PBXFileReference; lastKnownFileType = sourcecode.swift; path = ViewController.swift; sourceTree = "<group>"; };
		FAE5AC43267F885F00F070DC /* Base */ = {isa = PBXFileReference; lastKnownFileType = file.storyboard; name = Base; path = Base.lproj/Main.storyboard; sourceTree = "<group>"; };
		FAE5AC45267F887100F070DC /* Assets.xcassets */ = {isa = PBXFileReference; lastKnownFileType = folder.assetcatalog; path = Assets.xcassets; sourceTree = "<group>"; };
		FAE5AC48267F887100F070DC /* Base */ = {isa = PBXFileReference; lastKnownFileType = file.storyboard; name = Base; path = Base.lproj/LaunchScreen.storyboard; sourceTree = "<group>"; };
		FAE5AC4A267F887100F070DC /* Info.plist */ = {isa = PBXFileReference; lastKnownFileType = text.plist.xml; path = Info.plist; sourceTree = "<group>"; };
		FAE5AC4F267F887100F070DC /* GBShopTests.xctest */ = {isa = PBXFileReference; explicitFileType = wrapper.cfbundle; includeInIndex = 0; path = GBShopTests.xctest; sourceTree = BUILT_PRODUCTS_DIR; };
		FAE5AC53267F887100F070DC /* GBShopTests.swift */ = {isa = PBXFileReference; lastKnownFileType = sourcecode.swift; path = GBShopTests.swift; sourceTree = "<group>"; };
		FAE5AC55267F887200F070DC /* Info.plist */ = {isa = PBXFileReference; lastKnownFileType = text.plist.xml; path = Info.plist; sourceTree = "<group>"; };
		FAE5AC5A267F887200F070DC /* GBShopUITests.xctest */ = {isa = PBXFileReference; explicitFileType = wrapper.cfbundle; includeInIndex = 0; path = GBShopUITests.xctest; sourceTree = BUILT_PRODUCTS_DIR; };
		FAE5AC5E267F887200F070DC /* GBShopUITests.swift */ = {isa = PBXFileReference; lastKnownFileType = sourcecode.swift; path = GBShopUITests.swift; sourceTree = "<group>"; };
		FAE5AC60267F887200F070DC /* Info.plist */ = {isa = PBXFileReference; lastKnownFileType = text.plist.xml; path = Info.plist; sourceTree = "<group>"; };
		FAE5AC80268278DB00F070DC /* LoginResult.swift */ = {isa = PBXFileReference; lastKnownFileType = sourcecode.swift; path = LoginResult.swift; sourceTree = "<group>"; };
		FAE5AC86268278F600F070DC /* User.swift */ = {isa = PBXFileReference; lastKnownFileType = sourcecode.swift; path = User.swift; sourceTree = "<group>"; };
		FAE5AC8F2682794400F070DC /* AuthRequestFactory.swift */ = {isa = PBXFileReference; lastKnownFileType = sourcecode.swift; path = AuthRequestFactory.swift; sourceTree = "<group>"; };
		FAE5ACA126827A1C00F070DC /* Auth.swift */ = {isa = PBXFileReference; lastKnownFileType = sourcecode.swift; path = Auth.swift; sourceTree = "<group>"; };
		FAE5ACA626827AC200F070DC /* RequestFactory.swift */ = {isa = PBXFileReference; lastKnownFileType = sourcecode.swift; path = RequestFactory.swift; sourceTree = "<group>"; };
		FAE5ACAC26827BF900F070DC /* AbstractErrorParser.swift */ = {isa = PBXFileReference; lastKnownFileType = sourcecode.swift; path = AbstractErrorParser.swift; sourceTree = "<group>"; };
		FAE5ACB126827C5100F070DC /* ErrorParser.swift */ = {isa = PBXFileReference; lastKnownFileType = sourcecode.swift; path = ErrorParser.swift; sourceTree = "<group>"; };
		FAE5ACB626827CB600F070DC /* CustomDecodableSerializer.swift */ = {isa = PBXFileReference; lastKnownFileType = sourcecode.swift; path = CustomDecodableSerializer.swift; sourceTree = "<group>"; };
		FAE5ACBB26827D1800F070DC /* DataRequest.swift */ = {isa = PBXFileReference; lastKnownFileType = sourcecode.swift; path = DataRequest.swift; sourceTree = "<group>"; };
		FAE5ACC126827D6200F070DC /* RequestRouter.swift */ = {isa = PBXFileReference; lastKnownFileType = sourcecode.swift; path = RequestRouter.swift; sourceTree = "<group>"; };
		FAE5ACD32683B07900F070DC /* LogoutRequestFactory.swift */ = {isa = PBXFileReference; lastKnownFileType = sourcecode.swift; path = LogoutRequestFactory.swift; sourceTree = "<group>"; };
		FAE5ACD82683B0FC00F070DC /* LogoutResult.swift */ = {isa = PBXFileReference; lastKnownFileType = sourcecode.swift; path = LogoutResult.swift; sourceTree = "<group>"; };
		FAE5ACDD2683B13A00F070DC /* Logout.swift */ = {isa = PBXFileReference; lastKnownFileType = sourcecode.swift; path = Logout.swift; sourceTree = "<group>"; };
		FAE5ACE22683B5FB00F070DC /* RegistrationRequestFactory.swift */ = {isa = PBXFileReference; lastKnownFileType = sourcecode.swift; path = RegistrationRequestFactory.swift; sourceTree = "<group>"; };
		FAE5ACE72683B6A200F070DC /* RegistrationResult.swift */ = {isa = PBXFileReference; lastKnownFileType = sourcecode.swift; path = RegistrationResult.swift; sourceTree = "<group>"; };
		FAE5ACEC2683B74A00F070DC /* Registration.swift */ = {isa = PBXFileReference; lastKnownFileType = sourcecode.swift; path = Registration.swift; sourceTree = "<group>"; };
		FAE5ACF92683BEF800F070DC /* UserUpdateResult.swift */ = {isa = PBXFileReference; lastKnownFileType = sourcecode.swift; path = UserUpdateResult.swift; sourceTree = "<group>"; };
		FAE5ACFE2683BF2A00F070DC /* UserUpdateRequestFactory.swift */ = {isa = PBXFileReference; lastKnownFileType = sourcecode.swift; path = UserUpdateRequestFactory.swift; sourceTree = "<group>"; };
		FAE5AD032683BF5E00F070DC /* UserUpdate.swift */ = {isa = PBXFileReference; lastKnownFileType = sourcecode.swift; path = UserUpdate.swift; sourceTree = "<group>"; };
		FAE5AD1E268753F400F070DC /* ResponseCodableTests.swift */ = {isa = PBXFileReference; lastKnownFileType = sourcecode.swift; path = ResponseCodableTests.swift; sourceTree = "<group>"; };
		FAE5AD2326875AFE00F070DC /* Config.swift */ = {isa = PBXFileReference; lastKnownFileType = sourcecode.swift; path = Config.swift; sourceTree = "<group>"; };
		FAE5AD372687627700F070DC /* ResultTests.swift */ = {isa = PBXFileReference; lastKnownFileType = sourcecode.swift; path = ResultTests.swift; sourceTree = "<group>"; };
		FAE5AD5B2687AED500F070DC /* CatalogDataResult.swift */ = {isa = PBXFileReference; lastKnownFileType = sourcecode.swift; path = CatalogDataResult.swift; sourceTree = "<group>"; };
		FAE5AD632687AF2500F070DC /* ProductDetailResult.swift */ = {isa = PBXFileReference; lastKnownFileType = sourcecode.swift; path = ProductDetailResult.swift; sourceTree = "<group>"; };
		FAE5AD682687AFBD00F070DC /* CatalogRequestFactory.swift */ = {isa = PBXFileReference; lastKnownFileType = sourcecode.swift; path = CatalogRequestFactory.swift; sourceTree = "<group>"; };
		FAE5AD6D2687B03300F070DC /* Catalog.swift */ = {isa = PBXFileReference; lastKnownFileType = sourcecode.swift; path = Catalog.swift; sourceTree = "<group>"; };
		FAE5AD7A2687B6F100F070DC /* ProductRequestFactory.swift */ = {isa = PBXFileReference; lastKnownFileType = sourcecode.swift; path = ProductRequestFactory.swift; sourceTree = "<group>"; };
		FAE5AD882687B86B00F070DC /* ProductInfo.swift */ = {isa = PBXFileReference; lastKnownFileType = sourcecode.swift; path = ProductInfo.swift; sourceTree = "<group>"; };
		FAE5AD8E2687BC8D00F070DC /* ProductShortResult.swift */ = {isa = PBXFileReference; lastKnownFileType = sourcecode.swift; path = ProductShortResult.swift; sourceTree = "<group>"; };
/* End PBXFileReference section */

/* Begin PBXFrameworksBuildPhase section */
		FAE5AC36267F885F00F070DC /* Frameworks */ = {
			isa = PBXFrameworksBuildPhase;
			buildActionMask = 2147483647;
			files = (
				4599BAC5E03C3EBCCDF21D14 /* Pods_GBShop.framework in Frameworks */,
			);
			runOnlyForDeploymentPostprocessing = 0;
		};
		FAE5AC4C267F887100F070DC /* Frameworks */ = {
			isa = PBXFrameworksBuildPhase;
			buildActionMask = 2147483647;
			files = (
				23F13501A450B588FDADF601 /* Pods_GBShopTests.framework in Frameworks */,
			);
			runOnlyForDeploymentPostprocessing = 0;
		};
		FAE5AC57267F887200F070DC /* Frameworks */ = {
			isa = PBXFrameworksBuildPhase;
			buildActionMask = 2147483647;
			files = (
				2A80A41E5C6D6E4983C5A6EF /* Pods_GBShop_GBShopUITests.framework in Frameworks */,
			);
			runOnlyForDeploymentPostprocessing = 0;
		};
/* End PBXFrameworksBuildPhase section */

/* Begin PBXGroup section */
		26FA144C2522447184F2E07B /* Frameworks */ = {
			isa = PBXGroup;
			children = (
				2B1A645066655E09ECB34B56 /* Pods_GBShop.framework */,
				3F6A95A979E171A7C841328F /* Pods_GBShop_GBShopUITests.framework */,
				5913A403C7DC942FEE2754EC /* Pods_GBShopTests.framework */,
			);
			name = Frameworks;
			sourceTree = "<group>";
		};
		91864BF9EC11A58AFF7BC039 /* Pods */ = {
			isa = PBXGroup;
			children = (
				AB015104AC4D1FD33F87E74A /* Pods-GBShop.debug.xcconfig */,
				D9370A83FE03ED936C9FEBD9 /* Pods-GBShop.release.xcconfig */,
				F6AE00D07B0383A8C63BD51E /* Pods-GBShop-GBShopUITests.debug.xcconfig */,
				2230E0EC9ECBB5C3CB60082C /* Pods-GBShop-GBShopUITests.release.xcconfig */,
				E7A3D452746A815137DE3F21 /* Pods-GBShopTests.debug.xcconfig */,
				88AED6355739B97FFEA407EC /* Pods-GBShopTests.release.xcconfig */,
			);
			path = Pods;
			sourceTree = "<group>";
		};
		FAE5AC30267F885F00F070DC = {
			isa = PBXGroup;
			children = (
				FAE5AC3B267F885F00F070DC /* GBShop */,
				FAE5AC52267F887100F070DC /* GBShopTests */,
				FAE5AC5D267F887200F070DC /* GBShopUITests */,
				FAE5AC3A267F885F00F070DC /* Products */,
				91864BF9EC11A58AFF7BC039 /* Pods */,
				26FA144C2522447184F2E07B /* Frameworks */,
			);
			sourceTree = "<group>";
		};
		FAE5AC3A267F885F00F070DC /* Products */ = {
			isa = PBXGroup;
			children = (
				FAE5AC39267F885F00F070DC /* GBShop.app */,
				FAE5AC4F267F887100F070DC /* GBShopTests.xctest */,
				FAE5AC5A267F887200F070DC /* GBShopUITests.xctest */,
			);
			name = Products;
			sourceTree = "<group>";
		};
		FAE5AC3B267F885F00F070DC /* GBShop */ = {
			isa = PBXGroup;
			children = (
				FAE5AC76267F90A400F070DC /* Environments */,
				FAE5AC75267F909B00F070DC /* Resources */,
				FAE5AC74267F909300F070DC /* Core */,
				FAE5AC6F267F904A00F070DC /* App */,
				FAE5AC40267F885F00F070DC /* ViewController.swift */,
				FAE5AC42267F885F00F070DC /* Main.storyboard */,
			);
			path = GBShop;
			sourceTree = "<group>";
		};
		FAE5AC52267F887100F070DC /* GBShopTests */ = {
			isa = PBXGroup;
			children = (
				FAE5AD2826875F5800F070DC /* Entity */,
				FAE5AC53267F887100F070DC /* GBShopTests.swift */,
				FAE5AC55267F887200F070DC /* Info.plist */,
				FAE5AD1E268753F400F070DC /* ResponseCodableTests.swift */,
			);
			path = GBShopTests;
			sourceTree = "<group>";
		};
		FAE5AC5D267F887200F070DC /* GBShopUITests */ = {
			isa = PBXGroup;
			children = (
				FAE5AC5E267F887200F070DC /* GBShopUITests.swift */,
				FAE5AC60267F887200F070DC /* Info.plist */,
			);
			path = GBShopUITests;
			sourceTree = "<group>";
		};
		FAE5AC6F267F904A00F070DC /* App */ = {
			isa = PBXGroup;
			children = (
				FAE5AC3C267F885F00F070DC /* AppDelegate.swift */,
				FAE5AC3E267F885F00F070DC /* SceneDelegate.swift */,
				FAE5AC73267F908900F070DC /* Flows */,
				FAE5AC72267F908000F070DC /* Assembly */,
				FAE5AC71267F907700F070DC /* Entity */,
				FAE5AC70267F906D00F070DC /* BusinessLogic */,
			);
			path = App;
			sourceTree = "<group>";
		};
		FAE5AC70267F906D00F070DC /* BusinessLogic */ = {
			isa = PBXGroup;
			children = (
				FAE5AC8E2682792D00F070DC /* Network */,
			);
			path = BusinessLogic;
			sourceTree = "<group>";
		};
		FAE5AC71267F907700F070DC /* Entity */ = {
			isa = PBXGroup;
			children = (
				FAE5AC80268278DB00F070DC /* LoginResult.swift */,
				FAE5AC86268278F600F070DC /* User.swift */,
				FAE5ACD82683B0FC00F070DC /* LogoutResult.swift */,
				FAE5ACE72683B6A200F070DC /* RegistrationResult.swift */,
				FAE5ACF92683BEF800F070DC /* UserUpdateResult.swift */,
				FAE5AD5B2687AED500F070DC /* CatalogDataResult.swift */,
				FAE5AD632687AF2500F070DC /* ProductDetailResult.swift */,
				FAE5AD8E2687BC8D00F070DC /* ProductShortResult.swift */,
			);
			path = Entity;
			sourceTree = "<group>";
		};
		FAE5AC72267F908000F070DC /* Assembly */ = {
			isa = PBXGroup;
			children = (
			);
			path = Assembly;
			sourceTree = "<group>";
		};
		FAE5AC73267F908900F070DC /* Flows */ = {
			isa = PBXGroup;
			children = (
			);
			path = Flows;
			sourceTree = "<group>";
		};
		FAE5AC74267F909300F070DC /* Core */ = {
			isa = PBXGroup;
			children = (
				FAE5ACAB26827BDF00F070DC /* Network */,
			);
			path = Core;
			sourceTree = "<group>";
		};
		FAE5AC75267F909B00F070DC /* Resources */ = {
			isa = PBXGroup;
			children = (
				FAE5AC45267F887100F070DC /* Assets.xcassets */,
				FAE5AC47267F887100F070DC /* LaunchScreen.storyboard */,
			);
			path = Resources;
			sourceTree = "<group>";
		};
		FAE5AC76267F90A400F070DC /* Environments */ = {
			isa = PBXGroup;
			children = (
				FAE5AC4A267F887100F070DC /* Info.plist */,
				FAE5AD2326875AFE00F070DC /* Config.swift */,
			);
			path = Environments;
			sourceTree = "<group>";
		};
		FAE5AC8E2682792D00F070DC /* Network */ = {
			isa = PBXGroup;
			children = (
				FAE5AD792687B6D500F070DC /* Product */,
				FAE5AD5A2687AEAB00F070DC /* Catalog */,
				FAE5AD092683C2E700F070DC /* User */,
				FAE5AD082683C2CA00F070DC /* Auth */,
				FAE5ACA626827AC200F070DC /* RequestFactory.swift */,
			);
			path = Network;
			sourceTree = "<group>";
		};
		FAE5ACAB26827BDF00F070DC /* Network */ = {
			isa = PBXGroup;
			children = (
				FAE5ACAC26827BF900F070DC /* AbstractErrorParser.swift */,
				FAE5ACB126827C5100F070DC /* ErrorParser.swift */,
				FAE5ACB626827CB600F070DC /* CustomDecodableSerializer.swift */,
				FAE5ACBB26827D1800F070DC /* DataRequest.swift */,
				FAE5ACC126827D6200F070DC /* RequestRouter.swift */,
			);
			path = Network;
			sourceTree = "<group>";
		};
		FAE5AD082683C2CA00F070DC /* Auth */ = {
			isa = PBXGroup;
			children = (
				FAE5AC8F2682794400F070DC /* AuthRequestFactory.swift */,
				FAE5ACA126827A1C00F070DC /* Auth.swift */,
				FAE5ACD32683B07900F070DC /* LogoutRequestFactory.swift */,
				FAE5ACDD2683B13A00F070DC /* Logout.swift */,
				FAE5ACE22683B5FB00F070DC /* RegistrationRequestFactory.swift */,
				FAE5ACEC2683B74A00F070DC /* Registration.swift */,
			);
			path = Auth;
			sourceTree = "<group>";
		};
		FAE5AD092683C2E700F070DC /* User */ = {
			isa = PBXGroup;
			children = (
				FAE5ACFE2683BF2A00F070DC /* UserUpdateRequestFactory.swift */,
				FAE5AD032683BF5E00F070DC /* UserUpdate.swift */,
			);
			path = User;
			sourceTree = "<group>";
		};
		FAE5AD2826875F5800F070DC /* Entity */ = {
			isa = PBXGroup;
			children = (
				FAE5AD372687627700F070DC /* ResultTests.swift */,
			);
			path = Entity;
			sourceTree = "<group>";
		};
		FAE5AD5A2687AEAB00F070DC /* Catalog */ = {
			isa = PBXGroup;
			children = (
				FAE5AD682687AFBD00F070DC /* CatalogRequestFactory.swift */,
				FAE5AD6D2687B03300F070DC /* Catalog.swift */,
			);
			path = Catalog;
			sourceTree = "<group>";
		};
		FAE5AD792687B6D500F070DC /* Product */ = {
			isa = PBXGroup;
			children = (
				FAE5AD7A2687B6F100F070DC /* ProductRequestFactory.swift */,
				FAE5AD882687B86B00F070DC /* ProductInfo.swift */,
			);
			path = Product;
			sourceTree = "<group>";
		};
/* End PBXGroup section */

/* Begin PBXNativeTarget section */
		FAE5AC38267F885F00F070DC /* GBShop */ = {
			isa = PBXNativeTarget;
			buildConfigurationList = FAE5AC63267F887200F070DC /* Build configuration list for PBXNativeTarget "GBShop" */;
			buildPhases = (
				D353CF27DDB15FB4253D5EBC /* [CP] Check Pods Manifest.lock */,
				FAE5AC35267F885F00F070DC /* Sources */,
				FAE5AC36267F885F00F070DC /* Frameworks */,
				FAE5AC37267F885F00F070DC /* Resources */,
				ED7F0A6BBDD24CD16A1B3C46 /* [CP] Embed Pods Frameworks */,
			);
			buildRules = (
			);
			dependencies = (
			);
			name = GBShop;
			productName = GBShop;
			productReference = FAE5AC39267F885F00F070DC /* GBShop.app */;
			productType = "com.apple.product-type.application";
		};
		FAE5AC4E267F887100F070DC /* GBShopTests */ = {
			isa = PBXNativeTarget;
			buildConfigurationList = FAE5AC66267F887200F070DC /* Build configuration list for PBXNativeTarget "GBShopTests" */;
			buildPhases = (
				D4AEE29D3AE3DB20376AD143 /* [CP] Check Pods Manifest.lock */,
				FAE5AC4B267F887100F070DC /* Sources */,
				FAE5AC4C267F887100F070DC /* Frameworks */,
				FAE5AC4D267F887100F070DC /* Resources */,
			);
			buildRules = (
			);
			dependencies = (
				FAE5AC51267F887100F070DC /* PBXTargetDependency */,
			);
			name = GBShopTests;
			productName = GBShopTests;
			productReference = FAE5AC4F267F887100F070DC /* GBShopTests.xctest */;
			productType = "com.apple.product-type.bundle.unit-test";
		};
		FAE5AC59267F887200F070DC /* GBShopUITests */ = {
			isa = PBXNativeTarget;
			buildConfigurationList = FAE5AC69267F887200F070DC /* Build configuration list for PBXNativeTarget "GBShopUITests" */;
			buildPhases = (
				E45B5885862A781BF8DB6B9D /* [CP] Check Pods Manifest.lock */,
				FAE5AC56267F887200F070DC /* Sources */,
				FAE5AC57267F887200F070DC /* Frameworks */,
				FAE5AC58267F887200F070DC /* Resources */,
				E3B12E7F61159BA9289DF78D /* [CP] Embed Pods Frameworks */,
			);
			buildRules = (
			);
			dependencies = (
				FAE5AC5C267F887200F070DC /* PBXTargetDependency */,
			);
			name = GBShopUITests;
			productName = GBShopUITests;
			productReference = FAE5AC5A267F887200F070DC /* GBShopUITests.xctest */;
			productType = "com.apple.product-type.bundle.ui-testing";
		};
/* End PBXNativeTarget section */

/* Begin PBXProject section */
		FAE5AC31267F885F00F070DC /* Project object */ = {
			isa = PBXProject;
			attributes = {
				LastSwiftUpdateCheck = 1240;
				LastUpgradeCheck = 1240;
				TargetAttributes = {
					FAE5AC38267F885F00F070DC = {
						CreatedOnToolsVersion = 12.4;
					};
					FAE5AC4E267F887100F070DC = {
						CreatedOnToolsVersion = 12.4;
						TestTargetID = FAE5AC38267F885F00F070DC;
					};
					FAE5AC59267F887200F070DC = {
						CreatedOnToolsVersion = 12.4;
						TestTargetID = FAE5AC38267F885F00F070DC;
					};
				};
			};
			buildConfigurationList = FAE5AC34267F885F00F070DC /* Build configuration list for PBXProject "GBShop" */;
			compatibilityVersion = "Xcode 9.3";
			developmentRegion = en;
			hasScannedForEncodings = 0;
			knownRegions = (
				en,
				Base,
			);
			mainGroup = FAE5AC30267F885F00F070DC;
			productRefGroup = FAE5AC3A267F885F00F070DC /* Products */;
			projectDirPath = "";
			projectRoot = "";
			targets = (
				FAE5AC38267F885F00F070DC /* GBShop */,
				FAE5AC4E267F887100F070DC /* GBShopTests */,
				FAE5AC59267F887200F070DC /* GBShopUITests */,
			);
		};
/* End PBXProject section */

/* Begin PBXResourcesBuildPhase section */
		FAE5AC37267F885F00F070DC /* Resources */ = {
			isa = PBXResourcesBuildPhase;
			buildActionMask = 2147483647;
			files = (
				FAE5AC49267F887100F070DC /* LaunchScreen.storyboard in Resources */,
				FAE5AC46267F887100F070DC /* Assets.xcassets in Resources */,
				FAE5AC44267F885F00F070DC /* Main.storyboard in Resources */,
			);
			runOnlyForDeploymentPostprocessing = 0;
		};
		FAE5AC4D267F887100F070DC /* Resources */ = {
			isa = PBXResourcesBuildPhase;
			buildActionMask = 2147483647;
			files = (
			);
			runOnlyForDeploymentPostprocessing = 0;
		};
		FAE5AC58267F887200F070DC /* Resources */ = {
			isa = PBXResourcesBuildPhase;
			buildActionMask = 2147483647;
			files = (
			);
			runOnlyForDeploymentPostprocessing = 0;
		};
/* End PBXResourcesBuildPhase section */

/* Begin PBXShellScriptBuildPhase section */
		D353CF27DDB15FB4253D5EBC /* [CP] Check Pods Manifest.lock */ = {
			isa = PBXShellScriptBuildPhase;
			buildActionMask = 2147483647;
			files = (
			);
			inputFileListPaths = (
			);
			inputPaths = (
				"${PODS_PODFILE_DIR_PATH}/Podfile.lock",
				"${PODS_ROOT}/Manifest.lock",
			);
			name = "[CP] Check Pods Manifest.lock";
			outputFileListPaths = (
			);
			outputPaths = (
				"$(DERIVED_FILE_DIR)/Pods-GBShop-checkManifestLockResult.txt",
			);
			runOnlyForDeploymentPostprocessing = 0;
			shellPath = /bin/sh;
			shellScript = "diff \"${PODS_PODFILE_DIR_PATH}/Podfile.lock\" \"${PODS_ROOT}/Manifest.lock\" > /dev/null\nif [ $? != 0 ] ; then\n    # print error to STDERR\n    echo \"error: The sandbox is not in sync with the Podfile.lock. Run 'pod install' or update your CocoaPods installation.\" >&2\n    exit 1\nfi\n# This output is used by Xcode 'outputs' to avoid re-running this script phase.\necho \"SUCCESS\" > \"${SCRIPT_OUTPUT_FILE_0}\"\n";
			showEnvVarsInLog = 0;
		};
		D4AEE29D3AE3DB20376AD143 /* [CP] Check Pods Manifest.lock */ = {
			isa = PBXShellScriptBuildPhase;
			buildActionMask = 2147483647;
			files = (
			);
			inputFileListPaths = (
			);
			inputPaths = (
				"${PODS_PODFILE_DIR_PATH}/Podfile.lock",
				"${PODS_ROOT}/Manifest.lock",
			);
			name = "[CP] Check Pods Manifest.lock";
			outputFileListPaths = (
			);
			outputPaths = (
				"$(DERIVED_FILE_DIR)/Pods-GBShopTests-checkManifestLockResult.txt",
			);
			runOnlyForDeploymentPostprocessing = 0;
			shellPath = /bin/sh;
			shellScript = "diff \"${PODS_PODFILE_DIR_PATH}/Podfile.lock\" \"${PODS_ROOT}/Manifest.lock\" > /dev/null\nif [ $? != 0 ] ; then\n    # print error to STDERR\n    echo \"error: The sandbox is not in sync with the Podfile.lock. Run 'pod install' or update your CocoaPods installation.\" >&2\n    exit 1\nfi\n# This output is used by Xcode 'outputs' to avoid re-running this script phase.\necho \"SUCCESS\" > \"${SCRIPT_OUTPUT_FILE_0}\"\n";
			showEnvVarsInLog = 0;
		};
		E3B12E7F61159BA9289DF78D /* [CP] Embed Pods Frameworks */ = {
			isa = PBXShellScriptBuildPhase;
			buildActionMask = 2147483647;
			files = (
			);
			inputFileListPaths = (
				"${PODS_ROOT}/Target Support Files/Pods-GBShop-GBShopUITests/Pods-GBShop-GBShopUITests-frameworks-${CONFIGURATION}-input-files.xcfilelist",
			);
			name = "[CP] Embed Pods Frameworks";
			outputFileListPaths = (
				"${PODS_ROOT}/Target Support Files/Pods-GBShop-GBShopUITests/Pods-GBShop-GBShopUITests-frameworks-${CONFIGURATION}-output-files.xcfilelist",
			);
			runOnlyForDeploymentPostprocessing = 0;
			shellPath = /bin/sh;
			shellScript = "\"${PODS_ROOT}/Target Support Files/Pods-GBShop-GBShopUITests/Pods-GBShop-GBShopUITests-frameworks.sh\"\n";
			showEnvVarsInLog = 0;
		};
		E45B5885862A781BF8DB6B9D /* [CP] Check Pods Manifest.lock */ = {
			isa = PBXShellScriptBuildPhase;
			buildActionMask = 2147483647;
			files = (
			);
			inputFileListPaths = (
			);
			inputPaths = (
				"${PODS_PODFILE_DIR_PATH}/Podfile.lock",
				"${PODS_ROOT}/Manifest.lock",
			);
			name = "[CP] Check Pods Manifest.lock";
			outputFileListPaths = (
			);
			outputPaths = (
				"$(DERIVED_FILE_DIR)/Pods-GBShop-GBShopUITests-checkManifestLockResult.txt",
			);
			runOnlyForDeploymentPostprocessing = 0;
			shellPath = /bin/sh;
			shellScript = "diff \"${PODS_PODFILE_DIR_PATH}/Podfile.lock\" \"${PODS_ROOT}/Manifest.lock\" > /dev/null\nif [ $? != 0 ] ; then\n    # print error to STDERR\n    echo \"error: The sandbox is not in sync with the Podfile.lock. Run 'pod install' or update your CocoaPods installation.\" >&2\n    exit 1\nfi\n# This output is used by Xcode 'outputs' to avoid re-running this script phase.\necho \"SUCCESS\" > \"${SCRIPT_OUTPUT_FILE_0}\"\n";
			showEnvVarsInLog = 0;
		};
		ED7F0A6BBDD24CD16A1B3C46 /* [CP] Embed Pods Frameworks */ = {
			isa = PBXShellScriptBuildPhase;
			buildActionMask = 2147483647;
			files = (
			);
			inputFileListPaths = (
				"${PODS_ROOT}/Target Support Files/Pods-GBShop/Pods-GBShop-frameworks-${CONFIGURATION}-input-files.xcfilelist",
			);
			name = "[CP] Embed Pods Frameworks";
			outputFileListPaths = (
				"${PODS_ROOT}/Target Support Files/Pods-GBShop/Pods-GBShop-frameworks-${CONFIGURATION}-output-files.xcfilelist",
			);
			runOnlyForDeploymentPostprocessing = 0;
			shellPath = /bin/sh;
			shellScript = "\"${PODS_ROOT}/Target Support Files/Pods-GBShop/Pods-GBShop-frameworks.sh\"\n";
			showEnvVarsInLog = 0;
		};
/* End PBXShellScriptBuildPhase section */

/* Begin PBXSourcesBuildPhase section */
		FAE5AC35267F885F00F070DC /* Sources */ = {
			isa = PBXSourcesBuildPhase;
			buildActionMask = 2147483647;
			files = (
				FAE5ACAD26827BF900F070DC /* AbstractErrorParser.swift in Sources */,
				FAE5AD042683BF5E00F070DC /* UserUpdate.swift in Sources */,
				FAE5ACDE2683B13A00F070DC /* Logout.swift in Sources */,
				FAE5AD892687B86B00F070DC /* ProductInfo.swift in Sources */,
				FAE5AD8F2687BC8D00F070DC /* ProductShortResult.swift in Sources */,
				FAE5ACA726827AC200F070DC /* RequestFactory.swift in Sources */,
				FAE5ACE32683B5FB00F070DC /* RegistrationRequestFactory.swift in Sources */,
				FAE5ACED2683B74A00F070DC /* Registration.swift in Sources */,
				FAE5AD5C2687AED500F070DC /* CatalogDataResult.swift in Sources */,
				FAE5AD642687AF2500F070DC /* ProductDetailResult.swift in Sources */,
				FAE5ACD42683B07900F070DC /* LogoutRequestFactory.swift in Sources */,
				FAE5AD6E2687B03300F070DC /* Catalog.swift in Sources */,
				FAE5ACD92683B0FC00F070DC /* LogoutResult.swift in Sources */,
				FAE5AC81268278DB00F070DC /* LoginResult.swift in Sources */,
				FAE5ACBC26827D1800F070DC /* DataRequest.swift in Sources */,
				FAE5AC41267F885F00F070DC /* ViewController.swift in Sources */,
				FAE5AC902682794400F070DC /* AuthRequestFactory.swift in Sources */,
				FAE5ACB726827CB700F070DC /* CustomDecodableSerializer.swift in Sources */,
				FAE5ACB226827C5100F070DC /* ErrorParser.swift in Sources */,
				FAE5AC3D267F885F00F070DC /* AppDelegate.swift in Sources */,
				FAE5ACA226827A1C00F070DC /* Auth.swift in Sources */,
				FAE5AC87268278F600F070DC /* User.swift in Sources */,
				FAE5ACE82683B6A200F070DC /* RegistrationResult.swift in Sources */,
				FAE5AD2426875AFE00F070DC /* Config.swift in Sources */,
				FAE5AC3F267F885F00F070DC /* SceneDelegate.swift in Sources */,
				FAE5ACFA2683BEF800F070DC /* UserUpdateResult.swift in Sources */,
				FAE5AD7B2687B6F100F070DC /* ProductRequestFactory.swift in Sources */,
				FAE5ACFF2683BF2A00F070DC /* UserUpdateRequestFactory.swift in Sources */,
				FAE5AD692687AFBD00F070DC /* CatalogRequestFactory.swift in Sources */,
				FAE5ACC226827D6200F070DC /* RequestRouter.swift in Sources */,
			);
			runOnlyForDeploymentPostprocessing = 0;
		};
		FAE5AC4B267F887100F070DC /* Sources */ = {
			isa = PBXSourcesBuildPhase;
			buildActionMask = 2147483647;
			files = (
				FAE5AD382687627700F070DC /* ResultTests.swift in Sources */,
				FAE5AC54267F887100F070DC /* GBShopTests.swift in Sources */,
				FAE5AD1F268753F400F070DC /* ResponseCodableTests.swift in Sources */,
			);
			runOnlyForDeploymentPostprocessing = 0;
		};
		FAE5AC56267F887200F070DC /* Sources */ = {
			isa = PBXSourcesBuildPhase;
			buildActionMask = 2147483647;
			files = (
				FAE5AC5F267F887200F070DC /* GBShopUITests.swift in Sources */,
			);
			runOnlyForDeploymentPostprocessing = 0;
		};
/* End PBXSourcesBuildPhase section */

/* Begin PBXTargetDependency section */
		FAE5AC51267F887100F070DC /* PBXTargetDependency */ = {
			isa = PBXTargetDependency;
			target = FAE5AC38267F885F00F070DC /* GBShop */;
			targetProxy = FAE5AC50267F887100F070DC /* PBXContainerItemProxy */;
		};
		FAE5AC5C267F887200F070DC /* PBXTargetDependency */ = {
			isa = PBXTargetDependency;
			target = FAE5AC38267F885F00F070DC /* GBShop */;
			targetProxy = FAE5AC5B267F887200F070DC /* PBXContainerItemProxy */;
		};
/* End PBXTargetDependency section */

/* Begin PBXVariantGroup section */
		FAE5AC42267F885F00F070DC /* Main.storyboard */ = {
			isa = PBXVariantGroup;
			children = (
				FAE5AC43267F885F00F070DC /* Base */,
			);
			name = Main.storyboard;
			sourceTree = "<group>";
		};
		FAE5AC47267F887100F070DC /* LaunchScreen.storyboard */ = {
			isa = PBXVariantGroup;
			children = (
				FAE5AC48267F887100F070DC /* Base */,
			);
			name = LaunchScreen.storyboard;
			sourceTree = "<group>";
		};
/* End PBXVariantGroup section */

/* Begin XCBuildConfiguration section */
		FAE5AC61267F887200F070DC /* Debug */ = {
			isa = XCBuildConfiguration;
			buildSettings = {
				ALWAYS_SEARCH_USER_PATHS = NO;
				CLANG_ANALYZER_NONNULL = YES;
				CLANG_ANALYZER_NUMBER_OBJECT_CONVERSION = YES_AGGRESSIVE;
				CLANG_CXX_LANGUAGE_STANDARD = "gnu++14";
				CLANG_CXX_LIBRARY = "libc++";
				CLANG_ENABLE_MODULES = YES;
				CLANG_ENABLE_OBJC_ARC = YES;
				CLANG_ENABLE_OBJC_WEAK = YES;
				CLANG_WARN_BLOCK_CAPTURE_AUTORELEASING = YES;
				CLANG_WARN_BOOL_CONVERSION = YES;
				CLANG_WARN_COMMA = YES;
				CLANG_WARN_CONSTANT_CONVERSION = YES;
				CLANG_WARN_DEPRECATED_OBJC_IMPLEMENTATIONS = YES;
				CLANG_WARN_DIRECT_OBJC_ISA_USAGE = YES_ERROR;
				CLANG_WARN_DOCUMENTATION_COMMENTS = YES;
				CLANG_WARN_EMPTY_BODY = YES;
				CLANG_WARN_ENUM_CONVERSION = YES;
				CLANG_WARN_INFINITE_RECURSION = YES;
				CLANG_WARN_INT_CONVERSION = YES;
				CLANG_WARN_NON_LITERAL_NULL_CONVERSION = YES;
				CLANG_WARN_OBJC_IMPLICIT_RETAIN_SELF = YES;
				CLANG_WARN_OBJC_LITERAL_CONVERSION = YES;
				CLANG_WARN_OBJC_ROOT_CLASS = YES_ERROR;
				CLANG_WARN_QUOTED_INCLUDE_IN_FRAMEWORK_HEADER = YES;
				CLANG_WARN_RANGE_LOOP_ANALYSIS = YES;
				CLANG_WARN_STRICT_PROTOTYPES = YES;
				CLANG_WARN_SUSPICIOUS_MOVE = YES;
				CLANG_WARN_UNGUARDED_AVAILABILITY = YES_AGGRESSIVE;
				CLANG_WARN_UNREACHABLE_CODE = YES;
				CLANG_WARN__DUPLICATE_METHOD_MATCH = YES;
				COPY_PHASE_STRIP = NO;
				DEBUG_INFORMATION_FORMAT = dwarf;
				ENABLE_STRICT_OBJC_MSGSEND = YES;
				ENABLE_TESTABILITY = YES;
				GCC_C_LANGUAGE_STANDARD = gnu11;
				GCC_DYNAMIC_NO_PIC = NO;
				GCC_NO_COMMON_BLOCKS = YES;
				GCC_OPTIMIZATION_LEVEL = 0;
				GCC_PREPROCESSOR_DEFINITIONS = (
					"DEBUG=1",
					"$(inherited)",
				);
				GCC_WARN_64_TO_32_BIT_CONVERSION = YES;
				GCC_WARN_ABOUT_RETURN_TYPE = YES_ERROR;
				GCC_WARN_UNDECLARED_SELECTOR = YES;
				GCC_WARN_UNINITIALIZED_AUTOS = YES_AGGRESSIVE;
				GCC_WARN_UNUSED_FUNCTION = YES;
				GCC_WARN_UNUSED_VARIABLE = YES;
				IPHONEOS_DEPLOYMENT_TARGET = 14.4;
				MTL_ENABLE_DEBUG_INFO = INCLUDE_SOURCE;
				MTL_FAST_MATH = YES;
				ONLY_ACTIVE_ARCH = YES;
				SDKROOT = iphoneos;
				SWIFT_ACTIVE_COMPILATION_CONDITIONS = DEBUG;
				SWIFT_OPTIMIZATION_LEVEL = "-Onone";
			};
			name = Debug;
		};
		FAE5AC62267F887200F070DC /* Release */ = {
			isa = XCBuildConfiguration;
			buildSettings = {
				ALWAYS_SEARCH_USER_PATHS = NO;
				CLANG_ANALYZER_NONNULL = YES;
				CLANG_ANALYZER_NUMBER_OBJECT_CONVERSION = YES_AGGRESSIVE;
				CLANG_CXX_LANGUAGE_STANDARD = "gnu++14";
				CLANG_CXX_LIBRARY = "libc++";
				CLANG_ENABLE_MODULES = YES;
				CLANG_ENABLE_OBJC_ARC = YES;
				CLANG_ENABLE_OBJC_WEAK = YES;
				CLANG_WARN_BLOCK_CAPTURE_AUTORELEASING = YES;
				CLANG_WARN_BOOL_CONVERSION = YES;
				CLANG_WARN_COMMA = YES;
				CLANG_WARN_CONSTANT_CONVERSION = YES;
				CLANG_WARN_DEPRECATED_OBJC_IMPLEMENTATIONS = YES;
				CLANG_WARN_DIRECT_OBJC_ISA_USAGE = YES_ERROR;
				CLANG_WARN_DOCUMENTATION_COMMENTS = YES;
				CLANG_WARN_EMPTY_BODY = YES;
				CLANG_WARN_ENUM_CONVERSION = YES;
				CLANG_WARN_INFINITE_RECURSION = YES;
				CLANG_WARN_INT_CONVERSION = YES;
				CLANG_WARN_NON_LITERAL_NULL_CONVERSION = YES;
				CLANG_WARN_OBJC_IMPLICIT_RETAIN_SELF = YES;
				CLANG_WARN_OBJC_LITERAL_CONVERSION = YES;
				CLANG_WARN_OBJC_ROOT_CLASS = YES_ERROR;
				CLANG_WARN_QUOTED_INCLUDE_IN_FRAMEWORK_HEADER = YES;
				CLANG_WARN_RANGE_LOOP_ANALYSIS = YES;
				CLANG_WARN_STRICT_PROTOTYPES = YES;
				CLANG_WARN_SUSPICIOUS_MOVE = YES;
				CLANG_WARN_UNGUARDED_AVAILABILITY = YES_AGGRESSIVE;
				CLANG_WARN_UNREACHABLE_CODE = YES;
				CLANG_WARN__DUPLICATE_METHOD_MATCH = YES;
				COPY_PHASE_STRIP = NO;
				DEBUG_INFORMATION_FORMAT = "dwarf-with-dsym";
				ENABLE_NS_ASSERTIONS = NO;
				ENABLE_STRICT_OBJC_MSGSEND = YES;
				GCC_C_LANGUAGE_STANDARD = gnu11;
				GCC_NO_COMMON_BLOCKS = YES;
				GCC_WARN_64_TO_32_BIT_CONVERSION = YES;
				GCC_WARN_ABOUT_RETURN_TYPE = YES_ERROR;
				GCC_WARN_UNDECLARED_SELECTOR = YES;
				GCC_WARN_UNINITIALIZED_AUTOS = YES_AGGRESSIVE;
				GCC_WARN_UNUSED_FUNCTION = YES;
				GCC_WARN_UNUSED_VARIABLE = YES;
				IPHONEOS_DEPLOYMENT_TARGET = 14.4;
				MTL_ENABLE_DEBUG_INFO = NO;
				MTL_FAST_MATH = YES;
				SDKROOT = iphoneos;
				SWIFT_COMPILATION_MODE = wholemodule;
				SWIFT_OPTIMIZATION_LEVEL = "-O";
				VALIDATE_PRODUCT = YES;
			};
			name = Release;
		};
		FAE5AC64267F887200F070DC /* Debug */ = {
			isa = XCBuildConfiguration;
			baseConfigurationReference = AB015104AC4D1FD33F87E74A /* Pods-GBShop.debug.xcconfig */;
			buildSettings = {
				ASSETCATALOG_COMPILER_APPICON_NAME = AppIcon;
				ASSETCATALOG_COMPILER_GLOBAL_ACCENT_COLOR_NAME = AccentColor;
				CODE_SIGN_STYLE = Automatic;
				DEVELOPMENT_TEAM = 7CP7J55BQL;
				INFOPLIST_FILE = GBShop/Environments/Info.plist;
				LD_RUNPATH_SEARCH_PATHS = (
					"$(inherited)",
					"@executable_path/Frameworks",
				);
				PRODUCT_BUNDLE_IDENTIFIER = com.Ismail.GBShop;
				PRODUCT_NAME = "$(TARGET_NAME)";
				SWIFT_VERSION = 5.0;
				TARGETED_DEVICE_FAMILY = "1,2";
			};
			name = Debug;
		};
		FAE5AC65267F887200F070DC /* Release */ = {
			isa = XCBuildConfiguration;
			baseConfigurationReference = D9370A83FE03ED936C9FEBD9 /* Pods-GBShop.release.xcconfig */;
			buildSettings = {
				ASSETCATALOG_COMPILER_APPICON_NAME = AppIcon;
				ASSETCATALOG_COMPILER_GLOBAL_ACCENT_COLOR_NAME = AccentColor;
				CODE_SIGN_STYLE = Automatic;
				DEVELOPMENT_TEAM = 7CP7J55BQL;
				INFOPLIST_FILE = GBShop/Environments/Info.plist;
				LD_RUNPATH_SEARCH_PATHS = (
					"$(inherited)",
					"@executable_path/Frameworks",
				);
				PRODUCT_BUNDLE_IDENTIFIER = com.Ismail.GBShop;
				PRODUCT_NAME = "$(TARGET_NAME)";
				SWIFT_VERSION = 5.0;
				TARGETED_DEVICE_FAMILY = "1,2";
			};
			name = Release;
		};
		FAE5AC67267F887200F070DC /* Debug */ = {
			isa = XCBuildConfiguration;
			baseConfigurationReference = E7A3D452746A815137DE3F21 /* Pods-GBShopTests.debug.xcconfig */;
			buildSettings = {
				ALWAYS_EMBED_SWIFT_STANDARD_LIBRARIES = YES;
				BUNDLE_LOADER = "$(TEST_HOST)";
				CODE_SIGN_STYLE = Automatic;
				DEVELOPMENT_TEAM = 7CP7J55BQL;
				INFOPLIST_FILE = GBShopTests/Info.plist;
				IPHONEOS_DEPLOYMENT_TARGET = 14.4;
				LD_RUNPATH_SEARCH_PATHS = (
					"$(inherited)",
					"@executable_path/Frameworks",
					"@loader_path/Frameworks",
				);
				PRODUCT_BUNDLE_IDENTIFIER = com.Ismail.GBShopTests;
				PRODUCT_NAME = "$(TARGET_NAME)";
				SWIFT_VERSION = 5.0;
				TARGETED_DEVICE_FAMILY = "1,2";
				TEST_HOST = "$(BUILT_PRODUCTS_DIR)/GBShop.app/GBShop";
			};
			name = Debug;
		};
		FAE5AC68267F887200F070DC /* Release */ = {
			isa = XCBuildConfiguration;
			baseConfigurationReference = 88AED6355739B97FFEA407EC /* Pods-GBShopTests.release.xcconfig */;
			buildSettings = {
				ALWAYS_EMBED_SWIFT_STANDARD_LIBRARIES = YES;
				BUNDLE_LOADER = "$(TEST_HOST)";
				CODE_SIGN_STYLE = Automatic;
				DEVELOPMENT_TEAM = 7CP7J55BQL;
				INFOPLIST_FILE = GBShopTests/Info.plist;
				IPHONEOS_DEPLOYMENT_TARGET = 14.4;
				LD_RUNPATH_SEARCH_PATHS = (
					"$(inherited)",
					"@executable_path/Frameworks",
					"@loader_path/Frameworks",
				);
				PRODUCT_BUNDLE_IDENTIFIER = com.Ismail.GBShopTests;
				PRODUCT_NAME = "$(TARGET_NAME)";
				SWIFT_VERSION = 5.0;
				TARGETED_DEVICE_FAMILY = "1,2";
				TEST_HOST = "$(BUILT_PRODUCTS_DIR)/GBShop.app/GBShop";
			};
			name = Release;
		};
		FAE5AC6A267F887200F070DC /* Debug */ = {
			isa = XCBuildConfiguration;
			baseConfigurationReference = F6AE00D07B0383A8C63BD51E /* Pods-GBShop-GBShopUITests.debug.xcconfig */;
			buildSettings = {
				ALWAYS_EMBED_SWIFT_STANDARD_LIBRARIES = YES;
				CODE_SIGN_STYLE = Automatic;
				DEVELOPMENT_TEAM = 7CP7J55BQL;
				INFOPLIST_FILE = GBShopUITests/Info.plist;
				LD_RUNPATH_SEARCH_PATHS = (
					"$(inherited)",
					"@executable_path/Frameworks",
					"@loader_path/Frameworks",
				);
				PRODUCT_BUNDLE_IDENTIFIER = com.Ismail.GBShopUITests;
				PRODUCT_NAME = "$(TARGET_NAME)";
				SWIFT_VERSION = 5.0;
				TARGETED_DEVICE_FAMILY = "1,2";
				TEST_TARGET_NAME = GBShop;
			};
			name = Debug;
		};
		FAE5AC6B267F887200F070DC /* Release */ = {
			isa = XCBuildConfiguration;
			baseConfigurationReference = 2230E0EC9ECBB5C3CB60082C /* Pods-GBShop-GBShopUITests.release.xcconfig */;
			buildSettings = {
				ALWAYS_EMBED_SWIFT_STANDARD_LIBRARIES = YES;
				CODE_SIGN_STYLE = Automatic;
				DEVELOPMENT_TEAM = 7CP7J55BQL;
				INFOPLIST_FILE = GBShopUITests/Info.plist;
				LD_RUNPATH_SEARCH_PATHS = (
					"$(inherited)",
					"@executable_path/Frameworks",
					"@loader_path/Frameworks",
				);
				PRODUCT_BUNDLE_IDENTIFIER = com.Ismail.GBShopUITests;
				PRODUCT_NAME = "$(TARGET_NAME)";
				SWIFT_VERSION = 5.0;
				TARGETED_DEVICE_FAMILY = "1,2";
				TEST_TARGET_NAME = GBShop;
			};
			name = Release;
		};
/* End XCBuildConfiguration section */

/* Begin XCConfigurationList section */
		FAE5AC34267F885F00F070DC /* Build configuration list for PBXProject "GBShop" */ = {
			isa = XCConfigurationList;
			buildConfigurations = (
				FAE5AC61267F887200F070DC /* Debug */,
				FAE5AC62267F887200F070DC /* Release */,
			);
			defaultConfigurationIsVisible = 0;
			defaultConfigurationName = Release;
		};
		FAE5AC63267F887200F070DC /* Build configuration list for PBXNativeTarget "GBShop" */ = {
			isa = XCConfigurationList;
			buildConfigurations = (
				FAE5AC64267F887200F070DC /* Debug */,
				FAE5AC65267F887200F070DC /* Release */,
			);
			defaultConfigurationIsVisible = 0;
			defaultConfigurationName = Release;
		};
		FAE5AC66267F887200F070DC /* Build configuration list for PBXNativeTarget "GBShopTests" */ = {
			isa = XCConfigurationList;
			buildConfigurations = (
				FAE5AC67267F887200F070DC /* Debug */,
				FAE5AC68267F887200F070DC /* Release */,
			);
			defaultConfigurationIsVisible = 0;
			defaultConfigurationName = Release;
		};
		FAE5AC69267F887200F070DC /* Build configuration list for PBXNativeTarget "GBShopUITests" */ = {
			isa = XCConfigurationList;
			buildConfigurations = (
				FAE5AC6A267F887200F070DC /* Debug */,
				FAE5AC6B267F887200F070DC /* Release */,
			);
			defaultConfigurationIsVisible = 0;
			defaultConfigurationName = Release;
		};
/* End XCConfigurationList section */
	};
	rootObject = FAE5AC31267F885F00F070DC /* Project object */;
}
