// !$*UTF8*$!
{
	archiveVersion = 1;
	classes = {
	};
	objectVersion = 51;
	objects = {

/* Begin PBXBuildFile section */
		23F13501A450B588FDADF601 /* Pods_GBShopTests.framework in Frameworks */ = {isa = PBXBuildFile; fileRef = 5913A403C7DC942FEE2754EC /* Pods_GBShopTests.framework */; };
		2A80A41E5C6D6E4983C5A6EF /* Pods_GBShop_GBShopUITests.framework in Frameworks */ = {isa = PBXBuildFile; fileRef = 3F6A95A979E171A7C841328F /* Pods_GBShop_GBShopUITests.framework */; };
		4599BAC5E03C3EBCCDF21D14 /* Pods_GBShop.framework in Frameworks */ = {isa = PBXBuildFile; fileRef = 2B1A645066655E09ECB34B56 /* Pods_GBShop.framework */; };
		FA04C95526A34007007DCCE3 /* ProductScreenAssembler.swift in Sources */ = {isa = PBXBuildFile; fileRef = FA04C95426A34007007DCCE3 /* ProductScreenAssembler.swift */; };
		FA04C95E26A34059007DCCE3 /* ProductScreenViewController.swift in Sources */ = {isa = PBXBuildFile; fileRef = FA04C95D26A34059007DCCE3 /* ProductScreenViewController.swift */; };
		FA04C96626A3406B007DCCE3 /* ProductScreen.storyboard in Resources */ = {isa = PBXBuildFile; fileRef = FA04C96526A3406B007DCCE3 /* ProductScreen.storyboard */; };
		FA04C96C26A340D0007DCCE3 /* ProductScreenPresenter.swift in Sources */ = {isa = PBXBuildFile; fileRef = FA04C96B26A340D0007DCCE3 /* ProductScreenPresenter.swift */; };
		FA04C97126A3414C007DCCE3 /* ProductScreenRouter.swift in Sources */ = {isa = PBXBuildFile; fileRef = FA04C97026A3414C007DCCE3 /* ProductScreenRouter.swift */; };
		FA04C97626A341A8007DCCE3 /* ProductScreenInteractor.swift in Sources */ = {isa = PBXBuildFile; fileRef = FA04C97526A341A8007DCCE3 /* ProductScreenInteractor.swift */; };
		FA04C99826A4107D007DCCE3 /* FeedbackScreenAssembler.swift in Sources */ = {isa = PBXBuildFile; fileRef = FA04C99726A4107D007DCCE3 /* FeedbackScreenAssembler.swift */; };
		FA04C9A126A41103007DCCE3 /* FeedBackScreenViewController.swift in Sources */ = {isa = PBXBuildFile; fileRef = FA04C9A026A41103007DCCE3 /* FeedBackScreenViewController.swift */; };
		FA04C9A926A4113F007DCCE3 /* FeedbackScreen.storyboard in Resources */ = {isa = PBXBuildFile; fileRef = FA04C9A826A4113F007DCCE3 /* FeedbackScreen.storyboard */; };
		FA04C9AF26A41197007DCCE3 /* FeedbackScreenPresenter.swift in Sources */ = {isa = PBXBuildFile; fileRef = FA04C9AE26A41197007DCCE3 /* FeedbackScreenPresenter.swift */; };
		FA04C9B726A41233007DCCE3 /* FeedbackScreenRouter.swift in Sources */ = {isa = PBXBuildFile; fileRef = FA04C9B626A41233007DCCE3 /* FeedbackScreenRouter.swift */; };
		FA04C9BC26A41262007DCCE3 /* FeedbackScreenInteractor.swift in Sources */ = {isa = PBXBuildFile; fileRef = FA04C9BB26A41262007DCCE3 /* FeedbackScreenInteractor.swift */; };
		FA04C9CA26A43679007DCCE3 /* MainTabBarControllerAssembler.swift in Sources */ = {isa = PBXBuildFile; fileRef = FA04C9C926A43679007DCCE3 /* MainTabBarControllerAssembler.swift */; };
		FA04CB0C26AC40BD007DCCE3 /* UIConfig.swift in Sources */ = {isa = PBXBuildFile; fileRef = FA04CB0B26AC40BD007DCCE3 /* UIConfig.swift */; };
		FA04CB1226AC422C007DCCE3 /* BasketScreenAssembler.swift in Sources */ = {isa = PBXBuildFile; fileRef = FA04CB1126AC422C007DCCE3 /* BasketScreenAssembler.swift */; };
		FA04CB1826AC4271007DCCE3 /* BasketScreen.storyboard in Resources */ = {isa = PBXBuildFile; fileRef = FA04CB1726AC4271007DCCE3 /* BasketScreen.storyboard */; };
		FA04CB1D26AC4292007DCCE3 /* BasketScreenViewController.swift in Sources */ = {isa = PBXBuildFile; fileRef = FA04CB1C26AC4292007DCCE3 /* BasketScreenViewController.swift */; };
		FA04CB2326AC4325007DCCE3 /* BasketScreenRouter.swift in Sources */ = {isa = PBXBuildFile; fileRef = FA04CB2226AC4325007DCCE3 /* BasketScreenRouter.swift */; };
		FA04CB2826AC435B007DCCE3 /* BasketScreenInteractor.swift in Sources */ = {isa = PBXBuildFile; fileRef = FA04CB2726AC435B007DCCE3 /* BasketScreenInteractor.swift */; };
		FA04CB2D26AC43AE007DCCE3 /* BasketScreenPresenter.swift in Sources */ = {isa = PBXBuildFile; fileRef = FA04CB2C26AC43AE007DCCE3 /* BasketScreenPresenter.swift */; };
		FA04CB3226AC5EC3007DCCE3 /* UserDefaultsWrapper.swift in Sources */ = {isa = PBXBuildFile; fileRef = FA04CB3126AC5EC3007DCCE3 /* UserDefaultsWrapper.swift */; };
		FA04CB4326AC6D44007DCCE3 /* BasketTableViewCell.swift in Sources */ = {isa = PBXBuildFile; fileRef = FA04CB4226AC6D43007DCCE3 /* BasketTableViewCell.swift */; };
		FA04CBAE26B1D84D007DCCE3 /* GoogleService-Info.plist in Resources */ = {isa = PBXBuildFile; fileRef = FA04CBAD26B1D84D007DCCE3 /* GoogleService-Info.plist */; };
		FA09872A269F675B005925E7 /* MainTabBarViewController.swift in Sources */ = {isa = PBXBuildFile; fileRef = FA098729269F675B005925E7 /* MainTabBarViewController.swift */; };
		FA098737269F78BE005925E7 /* UIApplicationExtension.swift in Sources */ = {isa = PBXBuildFile; fileRef = FA098736269F78BE005925E7 /* UIApplicationExtension.swift */; };
		FA09873D269F79E8005925E7 /* CatalogScreenAssembler.swift in Sources */ = {isa = PBXBuildFile; fileRef = FA09873C269F79E8005925E7 /* CatalogScreenAssembler.swift */; };
		FA098746269F7A30005925E7 /* CatalogScreen.storyboard in Resources */ = {isa = PBXBuildFile; fileRef = FA098745269F7A30005925E7 /* CatalogScreen.storyboard */; };
		FA09874B269F7A8A005925E7 /* CatalogScreenViewController.swift in Sources */ = {isa = PBXBuildFile; fileRef = FA09874A269F7A8A005925E7 /* CatalogScreenViewController.swift */; };
		FA098757269F7BC3005925E7 /* CatalogScreenPresenter.swift in Sources */ = {isa = PBXBuildFile; fileRef = FA098756269F7BC3005925E7 /* CatalogScreenPresenter.swift */; };
		FA09875C269F7C2A005925E7 /* CatalogScreenRouter.swift in Sources */ = {isa = PBXBuildFile; fileRef = FA09875B269F7C2A005925E7 /* CatalogScreenRouter.swift */; };
		FA098761269F7C5E005925E7 /* CatalogScreenInteractor.swift in Sources */ = {isa = PBXBuildFile; fileRef = FA098760269F7C5E005925E7 /* CatalogScreenInteractor.swift */; };
		FA098766269F826B005925E7 /* ProductCollectionViewCell.swift in Sources */ = {isa = PBXBuildFile; fileRef = FA098765269F826B005925E7 /* ProductCollectionViewCell.swift */; };
		FA45419B269987C800FF2A5F /* AddToBasketRequestFactory.swift in Sources */ = {isa = PBXBuildFile; fileRef = FA45419A269987C800FF2A5F /* AddToBasketRequestFactory.swift */; };
		FA4541A02699884F00FF2A5F /* AddToBasket.swift in Sources */ = {isa = PBXBuildFile; fileRef = FA45419F2699884F00FF2A5F /* AddToBasket.swift */; };
		FA4541A62699894000FF2A5F /* AddToBasketResult.swift in Sources */ = {isa = PBXBuildFile; fileRef = FA4541A52699894000FF2A5F /* AddToBasketResult.swift */; };
		FA4541AE26998A8B00FF2A5F /* DeleteFromBasketRequestFactory.swift in Sources */ = {isa = PBXBuildFile; fileRef = FA4541AD26998A8B00FF2A5F /* DeleteFromBasketRequestFactory.swift */; };
		FA4541B326998AC700FF2A5F /* DeleteFromBasket.swift in Sources */ = {isa = PBXBuildFile; fileRef = FA4541B226998AC700FF2A5F /* DeleteFromBasket.swift */; };
		FA4541B826998B2B00FF2A5F /* DeleteFromBasketResult.swift in Sources */ = {isa = PBXBuildFile; fileRef = FA4541B726998B2B00FF2A5F /* DeleteFromBasketResult.swift */; };
		FA4541C4269991A900FF2A5F /* PayBasketRequestFactory.swift in Sources */ = {isa = PBXBuildFile; fileRef = FA4541C3269991A900FF2A5F /* PayBasketRequestFactory.swift */; };
		FA4541C9269991E000FF2A5F /* PayBasket.swift in Sources */ = {isa = PBXBuildFile; fileRef = FA4541C8269991E000FF2A5F /* PayBasket.swift */; };
		FA4541CE269992B400FF2A5F /* PayBasketResult.swift in Sources */ = {isa = PBXBuildFile; fileRef = FA4541CD269992B400FF2A5F /* PayBasketResult.swift */; };
		FA454234269B612E00FF2A5F /* LoginScreenAssembler.swift in Sources */ = {isa = PBXBuildFile; fileRef = FA454233269B612E00FF2A5F /* LoginScreenAssembler.swift */; };
		FA45423D269B616D00FF2A5F /* LoginScreen.storyboard in Resources */ = {isa = PBXBuildFile; fileRef = FA45423C269B616D00FF2A5F /* LoginScreen.storyboard */; };
		FA454245269B61CB00FF2A5F /* LoginScreenViewController.swift in Sources */ = {isa = PBXBuildFile; fileRef = FA454244269B61CB00FF2A5F /* LoginScreenViewController.swift */; };
		FA45424B269B622500FF2A5F /* LoginScreenInteractor.swift in Sources */ = {isa = PBXBuildFile; fileRef = FA45424A269B622500FF2A5F /* LoginScreenInteractor.swift */; };
		FA454253269B62A500FF2A5F /* LoginScreenPresenter.swift in Sources */ = {isa = PBXBuildFile; fileRef = FA454252269B62A500FF2A5F /* LoginScreenPresenter.swift */; };
		FA454258269B633800FF2A5F /* LoginScreenRouter.swift in Sources */ = {isa = PBXBuildFile; fileRef = FA454257269B633800FF2A5F /* LoginScreenRouter.swift */; };
		FA454264269B71A800FF2A5F /* BaseViewController.swift in Sources */ = {isa = PBXBuildFile; fileRef = FA454263269B71A800FF2A5F /* BaseViewController.swift */; };
		FA45426A269B745600FF2A5F /* RegistrationScreenAssembler.swift in Sources */ = {isa = PBXBuildFile; fileRef = FA454269269B745600FF2A5F /* RegistrationScreenAssembler.swift */; };
		FA454270269B74A400FF2A5F /* RegistrationScreen.storyboard in Resources */ = {isa = PBXBuildFile; fileRef = FA45426F269B74A400FF2A5F /* RegistrationScreen.storyboard */; };
		FA454275269B74C000FF2A5F /* RegistrationScreenViewController.swift in Sources */ = {isa = PBXBuildFile; fileRef = FA454274269B74C000FF2A5F /* RegistrationScreenViewController.swift */; };
		FA45427B269B756400FF2A5F /* RegistrationScreenInteractor.swift in Sources */ = {isa = PBXBuildFile; fileRef = FA45427A269B756400FF2A5F /* RegistrationScreenInteractor.swift */; };
		FA454280269B75B200FF2A5F /* RegistrationScreenPresenter.swift in Sources */ = {isa = PBXBuildFile; fileRef = FA45427F269B75B200FF2A5F /* RegistrationScreenPresenter.swift */; };
		FA454285269B762E00FF2A5F /* RegistrationScreenRouter.swift in Sources */ = {isa = PBXBuildFile; fileRef = FA454284269B762E00FF2A5F /* RegistrationScreenRouter.swift */; };
		FA45428C269B7F4F00FF2A5F /* UserData.swift in Sources */ = {isa = PBXBuildFile; fileRef = FA45428B269B7F4F00FF2A5F /* UserData.swift */; };
		FA4542A3269B864D00FF2A5F /* ProfileScreenAssembler.swift in Sources */ = {isa = PBXBuildFile; fileRef = FA4542A2269B864C00FF2A5F /* ProfileScreenAssembler.swift */; };
		FA4542AC269B869A00FF2A5F /* ProfileScreen.storyboard in Resources */ = {isa = PBXBuildFile; fileRef = FA4542AB269B869A00FF2A5F /* ProfileScreen.storyboard */; };
		FA4542B1269B86CB00FF2A5F /* ProfileScreenViewController.swift in Sources */ = {isa = PBXBuildFile; fileRef = FA4542B0269B86CB00FF2A5F /* ProfileScreenViewController.swift */; };
		FA4542B7269B874700FF2A5F /* ProfileScreenPresenter.swift in Sources */ = {isa = PBXBuildFile; fileRef = FA4542B6269B874700FF2A5F /* ProfileScreenPresenter.swift */; };
		FA4542BF269B87CF00FF2A5F /* ProfileScreenInteractor.swift in Sources */ = {isa = PBXBuildFile; fileRef = FA4542BE269B87CF00FF2A5F /* ProfileScreenInteractor.swift */; };
		FA4542C4269B884800FF2A5F /* ProfileScreenRouter.swift in Sources */ = {isa = PBXBuildFile; fileRef = FA4542C3269B884800FF2A5F /* ProfileScreenRouter.swift */; };
		FAABE3F72691F48A00D16CA1 /* AddFeedbackRequestFactory.swift in Sources */ = {isa = PBXBuildFile; fileRef = FAABE3F62691F48A00D16CA1 /* AddFeedbackRequestFactory.swift */; };
		FAABE4112691F68100D16CA1 /* AddFeedbackInfo.swift in Sources */ = {isa = PBXBuildFile; fileRef = FAABE4102691F68100D16CA1 /* AddFeedbackInfo.swift */; };
		FAABE4222691F8A900D16CA1 /* DeleteFeedBackRequestFactory.swift in Sources */ = {isa = PBXBuildFile; fileRef = FAABE4212691F8A900D16CA1 /* DeleteFeedBackRequestFactory.swift */; };
		FAABE42D2691F90600D16CA1 /* AddFeedbackResult.swift in Sources */ = {isa = PBXBuildFile; fileRef = FAABE42C2691F90600D16CA1 /* AddFeedbackResult.swift */; };
		FAABE4352691F9F200D16CA1 /* DeleteFeedbackInfo.swift in Sources */ = {isa = PBXBuildFile; fileRef = FAABE4342691F9F200D16CA1 /* DeleteFeedbackInfo.swift */; };
		FAABE43A2691FB8600D16CA1 /* DeleteFeedbackResult.swift in Sources */ = {isa = PBXBuildFile; fileRef = FAABE4392691FB8600D16CA1 /* DeleteFeedbackResult.swift */; };
		FAABE43F2691FC6500D16CA1 /* GetFeedbacksRequestFactory.swift in Sources */ = {isa = PBXBuildFile; fileRef = FAABE43E2691FC6500D16CA1 /* GetFeedbacksRequestFactory.swift */; };
		FAABE4442691FCC700D16CA1 /* GetFeedbacksInfo.swift in Sources */ = {isa = PBXBuildFile; fileRef = FAABE4432691FCC700D16CA1 /* GetFeedbacksInfo.swift */; };
		FAABE4492691FD9900D16CA1 /* GetFeedbacksResult.swift in Sources */ = {isa = PBXBuildFile; fileRef = FAABE4482691FD9900D16CA1 /* GetFeedbacksResult.swift */; };
		FAABE44E2691FDFE00D16CA1 /* FeedbackResult.swift in Sources */ = {isa = PBXBuildFile; fileRef = FAABE44D2691FDFE00D16CA1 /* FeedbackResult.swift */; };
		FAE5AC3D267F885F00F070DC /* AppDelegate.swift in Sources */ = {isa = PBXBuildFile; fileRef = FAE5AC3C267F885F00F070DC /* AppDelegate.swift */; };
		FAE5AC3F267F885F00F070DC /* SceneDelegate.swift in Sources */ = {isa = PBXBuildFile; fileRef = FAE5AC3E267F885F00F070DC /* SceneDelegate.swift */; };
		FAE5AC41267F885F00F070DC /* ViewController.swift in Sources */ = {isa = PBXBuildFile; fileRef = FAE5AC40267F885F00F070DC /* ViewController.swift */; };
		FAE5AC46267F887100F070DC /* Assets.xcassets in Resources */ = {isa = PBXBuildFile; fileRef = FAE5AC45267F887100F070DC /* Assets.xcassets */; };
		FAE5AC49267F887100F070DC /* LaunchScreen.storyboard in Resources */ = {isa = PBXBuildFile; fileRef = FAE5AC47267F887100F070DC /* LaunchScreen.storyboard */; };
		FAE5AC5F267F887200F070DC /* GBShopUITests.swift in Sources */ = {isa = PBXBuildFile; fileRef = FAE5AC5E267F887200F070DC /* GBShopUITests.swift */; };
		FAE5AC81268278DB00F070DC /* LoginResult.swift in Sources */ = {isa = PBXBuildFile; fileRef = FAE5AC80268278DB00F070DC /* LoginResult.swift */; };
		FAE5AC87268278F600F070DC /* User.swift in Sources */ = {isa = PBXBuildFile; fileRef = FAE5AC86268278F600F070DC /* User.swift */; };
		FAE5AC902682794400F070DC /* AuthRequestFactory.swift in Sources */ = {isa = PBXBuildFile; fileRef = FAE5AC8F2682794400F070DC /* AuthRequestFactory.swift */; };
		FAE5ACA226827A1C00F070DC /* Auth.swift in Sources */ = {isa = PBXBuildFile; fileRef = FAE5ACA126827A1C00F070DC /* Auth.swift */; };
		FAE5ACA726827AC200F070DC /* RequestFactory.swift in Sources */ = {isa = PBXBuildFile; fileRef = FAE5ACA626827AC200F070DC /* RequestFactory.swift */; };
		FAE5ACAD26827BF900F070DC /* AbstractErrorParser.swift in Sources */ = {isa = PBXBuildFile; fileRef = FAE5ACAC26827BF900F070DC /* AbstractErrorParser.swift */; };
		FAE5ACB226827C5100F070DC /* ErrorParser.swift in Sources */ = {isa = PBXBuildFile; fileRef = FAE5ACB126827C5100F070DC /* ErrorParser.swift */; };
		FAE5ACB726827CB700F070DC /* CustomDecodableSerializer.swift in Sources */ = {isa = PBXBuildFile; fileRef = FAE5ACB626827CB600F070DC /* CustomDecodableSerializer.swift */; };
		FAE5ACBC26827D1800F070DC /* DataRequest.swift in Sources */ = {isa = PBXBuildFile; fileRef = FAE5ACBB26827D1800F070DC /* DataRequest.swift */; };
		FAE5ACC226827D6200F070DC /* RequestRouter.swift in Sources */ = {isa = PBXBuildFile; fileRef = FAE5ACC126827D6200F070DC /* RequestRouter.swift */; };
		FAE5ACD42683B07900F070DC /* LogoutRequestFactory.swift in Sources */ = {isa = PBXBuildFile; fileRef = FAE5ACD32683B07900F070DC /* LogoutRequestFactory.swift */; };
		FAE5ACD92683B0FC00F070DC /* LogoutResult.swift in Sources */ = {isa = PBXBuildFile; fileRef = FAE5ACD82683B0FC00F070DC /* LogoutResult.swift */; };
		FAE5ACDE2683B13A00F070DC /* Logout.swift in Sources */ = {isa = PBXBuildFile; fileRef = FAE5ACDD2683B13A00F070DC /* Logout.swift */; };
		FAE5ACE32683B5FB00F070DC /* RegistrationRequestFactory.swift in Sources */ = {isa = PBXBuildFile; fileRef = FAE5ACE22683B5FB00F070DC /* RegistrationRequestFactory.swift */; };
		FAE5ACE82683B6A200F070DC /* RegistrationResult.swift in Sources */ = {isa = PBXBuildFile; fileRef = FAE5ACE72683B6A200F070DC /* RegistrationResult.swift */; };
		FAE5ACED2683B74A00F070DC /* Registration.swift in Sources */ = {isa = PBXBuildFile; fileRef = FAE5ACEC2683B74A00F070DC /* Registration.swift */; };
		FAE5ACFA2683BEF800F070DC /* UserUpdateResult.swift in Sources */ = {isa = PBXBuildFile; fileRef = FAE5ACF92683BEF800F070DC /* UserUpdateResult.swift */; };
		FAE5ACFF2683BF2A00F070DC /* UserUpdateRequestFactory.swift in Sources */ = {isa = PBXBuildFile; fileRef = FAE5ACFE2683BF2A00F070DC /* UserUpdateRequestFactory.swift */; };
		FAE5AD042683BF5E00F070DC /* UserUpdate.swift in Sources */ = {isa = PBXBuildFile; fileRef = FAE5AD032683BF5E00F070DC /* UserUpdate.swift */; };
		FAE5AD1F268753F400F070DC /* ResponseCodableTests.swift in Sources */ = {isa = PBXBuildFile; fileRef = FAE5AD1E268753F400F070DC /* ResponseCodableTests.swift */; };
		FAE5AD2426875AFE00F070DC /* Config.swift in Sources */ = {isa = PBXBuildFile; fileRef = FAE5AD2326875AFE00F070DC /* Config.swift */; };
		FAE5AD5C2687AED500F070DC /* CatalogDataResult.swift in Sources */ = {isa = PBXBuildFile; fileRef = FAE5AD5B2687AED500F070DC /* CatalogDataResult.swift */; };
		FAE5AD642687AF2500F070DC /* ProductDetailResult.swift in Sources */ = {isa = PBXBuildFile; fileRef = FAE5AD632687AF2500F070DC /* ProductDetailResult.swift */; };
		FAE5AD692687AFBD00F070DC /* CatalogRequestFactory.swift in Sources */ = {isa = PBXBuildFile; fileRef = FAE5AD682687AFBD00F070DC /* CatalogRequestFactory.swift */; };
		FAE5AD6E2687B03300F070DC /* Catalog.swift in Sources */ = {isa = PBXBuildFile; fileRef = FAE5AD6D2687B03300F070DC /* Catalog.swift */; };
		FAE5AD7B2687B6F100F070DC /* ProductRequestFactory.swift in Sources */ = {isa = PBXBuildFile; fileRef = FAE5AD7A2687B6F100F070DC /* ProductRequestFactory.swift */; };
		FAE5AD892687B86B00F070DC /* ProductInfo.swift in Sources */ = {isa = PBXBuildFile; fileRef = FAE5AD882687B86B00F070DC /* ProductInfo.swift */; };
		FAE5AD8F2687BC8D00F070DC /* ProductShortResult.swift in Sources */ = {isa = PBXBuildFile; fileRef = FAE5AD8E2687BC8D00F070DC /* ProductShortResult.swift */; };
/* End PBXBuildFile section */

/* Begin PBXContainerItemProxy section */
		FAE5AC50267F887100F070DC /* PBXContainerItemProxy */ = {
			isa = PBXContainerItemProxy;
			containerPortal = FAE5AC31267F885F00F070DC /* Project object */;
			proxyType = 1;
			remoteGlobalIDString = FAE5AC38267F885F00F070DC;
			remoteInfo = GBShop;
		};
		FAE5AC5B267F887200F070DC /* PBXContainerItemProxy */ = {
			isa = PBXContainerItemProxy;
			containerPortal = FAE5AC31267F885F00F070DC /* Project object */;
			proxyType = 1;
			remoteGlobalIDString = FAE5AC38267F885F00F070DC;
			remoteInfo = GBShop;
		};
/* End PBXContainerItemProxy section */

/* Begin PBXFileReference section */
		2230E0EC9ECBB5C3CB60082C /* Pods-GBShop-GBShopUITests.release.xcconfig */ = {isa = PBXFileReference; includeInIndex = 1; lastKnownFileType = text.xcconfig; name = "Pods-GBShop-GBShopUITests.release.xcconfig"; path = "Target Support Files/Pods-GBShop-GBShopUITests/Pods-GBShop-GBShopUITests.release.xcconfig"; sourceTree = "<group>"; };
		2B1A645066655E09ECB34B56 /* Pods_GBShop.framework */ = {isa = PBXFileReference; explicitFileType = wrapper.framework; includeInIndex = 0; path = Pods_GBShop.framework; sourceTree = BUILT_PRODUCTS_DIR; };
		3F6A95A979E171A7C841328F /* Pods_GBShop_GBShopUITests.framework */ = {isa = PBXFileReference; explicitFileType = wrapper.framework; includeInIndex = 0; path = Pods_GBShop_GBShopUITests.framework; sourceTree = BUILT_PRODUCTS_DIR; };
		5913A403C7DC942FEE2754EC /* Pods_GBShopTests.framework */ = {isa = PBXFileReference; explicitFileType = wrapper.framework; includeInIndex = 0; path = Pods_GBShopTests.framework; sourceTree = BUILT_PRODUCTS_DIR; };
		88AED6355739B97FFEA407EC /* Pods-GBShopTests.release.xcconfig */ = {isa = PBXFileReference; includeInIndex = 1; lastKnownFileType = text.xcconfig; name = "Pods-GBShopTests.release.xcconfig"; path = "Target Support Files/Pods-GBShopTests/Pods-GBShopTests.release.xcconfig"; sourceTree = "<group>"; };
		AB015104AC4D1FD33F87E74A /* Pods-GBShop.debug.xcconfig */ = {isa = PBXFileReference; includeInIndex = 1; lastKnownFileType = text.xcconfig; name = "Pods-GBShop.debug.xcconfig"; path = "Target Support Files/Pods-GBShop/Pods-GBShop.debug.xcconfig"; sourceTree = "<group>"; };
		D9370A83FE03ED936C9FEBD9 /* Pods-GBShop.release.xcconfig */ = {isa = PBXFileReference; includeInIndex = 1; lastKnownFileType = text.xcconfig; name = "Pods-GBShop.release.xcconfig"; path = "Target Support Files/Pods-GBShop/Pods-GBShop.release.xcconfig"; sourceTree = "<group>"; };
		E7A3D452746A815137DE3F21 /* Pods-GBShopTests.debug.xcconfig */ = {isa = PBXFileReference; includeInIndex = 1; lastKnownFileType = text.xcconfig; name = "Pods-GBShopTests.debug.xcconfig"; path = "Target Support Files/Pods-GBShopTests/Pods-GBShopTests.debug.xcconfig"; sourceTree = "<group>"; };
		F6AE00D07B0383A8C63BD51E /* Pods-GBShop-GBShopUITests.debug.xcconfig */ = {isa = PBXFileReference; includeInIndex = 1; lastKnownFileType = text.xcconfig; name = "Pods-GBShop-GBShopUITests.debug.xcconfig"; path = "Target Support Files/Pods-GBShop-GBShopUITests/Pods-GBShop-GBShopUITests.debug.xcconfig"; sourceTree = "<group>"; };
		FA04C95426A34007007DCCE3 /* ProductScreenAssembler.swift */ = {isa = PBXFileReference; lastKnownFileType = sourcecode.swift; path = ProductScreenAssembler.swift; sourceTree = "<group>"; };
		FA04C95D26A34059007DCCE3 /* ProductScreenViewController.swift */ = {isa = PBXFileReference; lastKnownFileType = sourcecode.swift; path = ProductScreenViewController.swift; sourceTree = "<group>"; };
		FA04C96526A3406B007DCCE3 /* ProductScreen.storyboard */ = {isa = PBXFileReference; lastKnownFileType = file.storyboard; path = ProductScreen.storyboard; sourceTree = "<group>"; };
		FA04C96B26A340D0007DCCE3 /* ProductScreenPresenter.swift */ = {isa = PBXFileReference; lastKnownFileType = sourcecode.swift; path = ProductScreenPresenter.swift; sourceTree = "<group>"; };
		FA04C97026A3414C007DCCE3 /* ProductScreenRouter.swift */ = {isa = PBXFileReference; lastKnownFileType = sourcecode.swift; path = ProductScreenRouter.swift; sourceTree = "<group>"; };
		FA04C97526A341A8007DCCE3 /* ProductScreenInteractor.swift */ = {isa = PBXFileReference; lastKnownFileType = sourcecode.swift; path = ProductScreenInteractor.swift; sourceTree = "<group>"; };
		FA04C99726A4107D007DCCE3 /* FeedbackScreenAssembler.swift */ = {isa = PBXFileReference; lastKnownFileType = sourcecode.swift; path = FeedbackScreenAssembler.swift; sourceTree = "<group>"; };
		FA04C9A026A41103007DCCE3 /* FeedBackScreenViewController.swift */ = {isa = PBXFileReference; lastKnownFileType = sourcecode.swift; path = FeedBackScreenViewController.swift; sourceTree = "<group>"; };
		FA04C9A826A4113F007DCCE3 /* FeedbackScreen.storyboard */ = {isa = PBXFileReference; lastKnownFileType = file.storyboard; path = FeedbackScreen.storyboard; sourceTree = "<group>"; };
		FA04C9AE26A41197007DCCE3 /* FeedbackScreenPresenter.swift */ = {isa = PBXFileReference; lastKnownFileType = sourcecode.swift; path = FeedbackScreenPresenter.swift; sourceTree = "<group>"; };
		FA04C9B626A41233007DCCE3 /* FeedbackScreenRouter.swift */ = {isa = PBXFileReference; lastKnownFileType = sourcecode.swift; path = FeedbackScreenRouter.swift; sourceTree = "<group>"; };
		FA04C9BB26A41262007DCCE3 /* FeedbackScreenInteractor.swift */ = {isa = PBXFileReference; lastKnownFileType = sourcecode.swift; path = FeedbackScreenInteractor.swift; sourceTree = "<group>"; };
		FA04C9C926A43679007DCCE3 /* MainTabBarControllerAssembler.swift */ = {isa = PBXFileReference; lastKnownFileType = sourcecode.swift; path = MainTabBarControllerAssembler.swift; sourceTree = "<group>"; };
		FA04CB0B26AC40BD007DCCE3 /* UIConfig.swift */ = {isa = PBXFileReference; lastKnownFileType = sourcecode.swift; path = UIConfig.swift; sourceTree = "<group>"; };
		FA04CB1126AC422C007DCCE3 /* BasketScreenAssembler.swift */ = {isa = PBXFileReference; lastKnownFileType = sourcecode.swift; path = BasketScreenAssembler.swift; sourceTree = "<group>"; };
		FA04CB1726AC4271007DCCE3 /* BasketScreen.storyboard */ = {isa = PBXFileReference; lastKnownFileType = file.storyboard; path = BasketScreen.storyboard; sourceTree = "<group>"; };
		FA04CB1C26AC4292007DCCE3 /* BasketScreenViewController.swift */ = {isa = PBXFileReference; lastKnownFileType = sourcecode.swift; path = BasketScreenViewController.swift; sourceTree = "<group>"; };
		FA04CB2226AC4325007DCCE3 /* BasketScreenRouter.swift */ = {isa = PBXFileReference; lastKnownFileType = sourcecode.swift; path = BasketScreenRouter.swift; sourceTree = "<group>"; };
		FA04CB2726AC435B007DCCE3 /* BasketScreenInteractor.swift */ = {isa = PBXFileReference; lastKnownFileType = sourcecode.swift; path = BasketScreenInteractor.swift; sourceTree = "<group>"; };
		FA04CB2C26AC43AE007DCCE3 /* BasketScreenPresenter.swift */ = {isa = PBXFileReference; lastKnownFileType = sourcecode.swift; path = BasketScreenPresenter.swift; sourceTree = "<group>"; };
		FA04CB3126AC5EC3007DCCE3 /* UserDefaultsWrapper.swift */ = {isa = PBXFileReference; lastKnownFileType = sourcecode.swift; path = UserDefaultsWrapper.swift; sourceTree = "<group>"; };
		FA04CB4226AC6D43007DCCE3 /* BasketTableViewCell.swift */ = {isa = PBXFileReference; lastKnownFileType = sourcecode.swift; path = BasketTableViewCell.swift; sourceTree = "<group>"; };
		FA04CBAD26B1D84D007DCCE3 /* GoogleService-Info.plist */ = {isa = PBXFileReference; fileEncoding = 4; lastKnownFileType = text.plist.xml; path = "GoogleService-Info.plist"; sourceTree = "<group>"; };
		FA098729269F675B005925E7 /* MainTabBarViewController.swift */ = {isa = PBXFileReference; lastKnownFileType = sourcecode.swift; path = MainTabBarViewController.swift; sourceTree = "<group>"; };
		FA098736269F78BE005925E7 /* UIApplicationExtension.swift */ = {isa = PBXFileReference; lastKnownFileType = sourcecode.swift; path = UIApplicationExtension.swift; sourceTree = "<group>"; };
		FA09873C269F79E8005925E7 /* CatalogScreenAssembler.swift */ = {isa = PBXFileReference; lastKnownFileType = sourcecode.swift; path = CatalogScreenAssembler.swift; sourceTree = "<group>"; };
		FA098745269F7A30005925E7 /* CatalogScreen.storyboard */ = {isa = PBXFileReference; lastKnownFileType = file.storyboard; path = CatalogScreen.storyboard; sourceTree = "<group>"; };
		FA09874A269F7A8A005925E7 /* CatalogScreenViewController.swift */ = {isa = PBXFileReference; lastKnownFileType = sourcecode.swift; path = CatalogScreenViewController.swift; sourceTree = "<group>"; };
		FA098756269F7BC3005925E7 /* CatalogScreenPresenter.swift */ = {isa = PBXFileReference; lastKnownFileType = sourcecode.swift; path = CatalogScreenPresenter.swift; sourceTree = "<group>"; };
		FA09875B269F7C2A005925E7 /* CatalogScreenRouter.swift */ = {isa = PBXFileReference; lastKnownFileType = sourcecode.swift; path = CatalogScreenRouter.swift; sourceTree = "<group>"; };
		FA098760269F7C5E005925E7 /* CatalogScreenInteractor.swift */ = {isa = PBXFileReference; lastKnownFileType = sourcecode.swift; path = CatalogScreenInteractor.swift; sourceTree = "<group>"; };
		FA098765269F826B005925E7 /* ProductCollectionViewCell.swift */ = {isa = PBXFileReference; lastKnownFileType = sourcecode.swift; path = ProductCollectionViewCell.swift; sourceTree = "<group>"; };
		FA45413F2692416400FF2A5F /* All.xctestplan */ = {isa = PBXFileReference; lastKnownFileType = text; name = All.xctestplan; path = TestPlanes/All.xctestplan; sourceTree = SOURCE_ROOT; };
		FA454146269241AE00FF2A5F /* Unit.xctestplan */ = {isa = PBXFileReference; lastKnownFileType = text; path = Unit.xctestplan; sourceTree = "<group>"; };
		FA454147269241C000FF2A5F /* UI.xctestplan */ = {isa = PBXFileReference; lastKnownFileType = text; path = UI.xctestplan; sourceTree = "<group>"; };
		FA45419A269987C800FF2A5F /* AddToBasketRequestFactory.swift */ = {isa = PBXFileReference; lastKnownFileType = sourcecode.swift; path = AddToBasketRequestFactory.swift; sourceTree = "<group>"; };
		FA45419F2699884F00FF2A5F /* AddToBasket.swift */ = {isa = PBXFileReference; lastKnownFileType = sourcecode.swift; path = AddToBasket.swift; sourceTree = "<group>"; };
		FA4541A52699894000FF2A5F /* AddToBasketResult.swift */ = {isa = PBXFileReference; lastKnownFileType = sourcecode.swift; path = AddToBasketResult.swift; sourceTree = "<group>"; };
		FA4541AD26998A8B00FF2A5F /* DeleteFromBasketRequestFactory.swift */ = {isa = PBXFileReference; lastKnownFileType = sourcecode.swift; path = DeleteFromBasketRequestFactory.swift; sourceTree = "<group>"; };
		FA4541B226998AC700FF2A5F /* DeleteFromBasket.swift */ = {isa = PBXFileReference; lastKnownFileType = sourcecode.swift; path = DeleteFromBasket.swift; sourceTree = "<group>"; };
		FA4541B726998B2B00FF2A5F /* DeleteFromBasketResult.swift */ = {isa = PBXFileReference; lastKnownFileType = sourcecode.swift; path = DeleteFromBasketResult.swift; sourceTree = "<group>"; };
		FA4541C3269991A900FF2A5F /* PayBasketRequestFactory.swift */ = {isa = PBXFileReference; lastKnownFileType = sourcecode.swift; path = PayBasketRequestFactory.swift; sourceTree = "<group>"; };
		FA4541C8269991E000FF2A5F /* PayBasket.swift */ = {isa = PBXFileReference; lastKnownFileType = sourcecode.swift; path = PayBasket.swift; sourceTree = "<group>"; };
		FA4541CD269992B400FF2A5F /* PayBasketResult.swift */ = {isa = PBXFileReference; lastKnownFileType = sourcecode.swift; path = PayBasketResult.swift; sourceTree = "<group>"; };
		FA454233269B612E00FF2A5F /* LoginScreenAssembler.swift */ = {isa = PBXFileReference; lastKnownFileType = sourcecode.swift; path = LoginScreenAssembler.swift; sourceTree = "<group>"; };
		FA45423C269B616D00FF2A5F /* LoginScreen.storyboard */ = {isa = PBXFileReference; lastKnownFileType = file.storyboard; path = LoginScreen.storyboard; sourceTree = "<group>"; };
		FA454244269B61CB00FF2A5F /* LoginScreenViewController.swift */ = {isa = PBXFileReference; lastKnownFileType = sourcecode.swift; path = LoginScreenViewController.swift; sourceTree = "<group>"; };
		FA45424A269B622500FF2A5F /* LoginScreenInteractor.swift */ = {isa = PBXFileReference; lastKnownFileType = sourcecode.swift; path = LoginScreenInteractor.swift; sourceTree = "<group>"; };
		FA454252269B62A500FF2A5F /* LoginScreenPresenter.swift */ = {isa = PBXFileReference; lastKnownFileType = sourcecode.swift; path = LoginScreenPresenter.swift; sourceTree = "<group>"; };
		FA454257269B633800FF2A5F /* LoginScreenRouter.swift */ = {isa = PBXFileReference; lastKnownFileType = sourcecode.swift; path = LoginScreenRouter.swift; sourceTree = "<group>"; };
		FA454263269B71A800FF2A5F /* BaseViewController.swift */ = {isa = PBXFileReference; lastKnownFileType = sourcecode.swift; path = BaseViewController.swift; sourceTree = "<group>"; };
		FA454269269B745600FF2A5F /* RegistrationScreenAssembler.swift */ = {isa = PBXFileReference; lastKnownFileType = sourcecode.swift; path = RegistrationScreenAssembler.swift; sourceTree = "<group>"; };
		FA45426F269B74A400FF2A5F /* RegistrationScreen.storyboard */ = {isa = PBXFileReference; lastKnownFileType = file.storyboard; path = RegistrationScreen.storyboard; sourceTree = "<group>"; };
		FA454274269B74C000FF2A5F /* RegistrationScreenViewController.swift */ = {isa = PBXFileReference; lastKnownFileType = sourcecode.swift; path = RegistrationScreenViewController.swift; sourceTree = "<group>"; };
		FA45427A269B756400FF2A5F /* RegistrationScreenInteractor.swift */ = {isa = PBXFileReference; lastKnownFileType = sourcecode.swift; path = RegistrationScreenInteractor.swift; sourceTree = "<group>"; };
		FA45427F269B75B200FF2A5F /* RegistrationScreenPresenter.swift */ = {isa = PBXFileReference; lastKnownFileType = sourcecode.swift; path = RegistrationScreenPresenter.swift; sourceTree = "<group>"; };
		FA454284269B762E00FF2A5F /* RegistrationScreenRouter.swift */ = {isa = PBXFileReference; lastKnownFileType = sourcecode.swift; path = RegistrationScreenRouter.swift; sourceTree = "<group>"; };
		FA45428B269B7F4F00FF2A5F /* UserData.swift */ = {isa = PBXFileReference; lastKnownFileType = sourcecode.swift; path = UserData.swift; sourceTree = "<group>"; };
		FA4542A2269B864C00FF2A5F /* ProfileScreenAssembler.swift */ = {isa = PBXFileReference; lastKnownFileType = sourcecode.swift; path = ProfileScreenAssembler.swift; sourceTree = "<group>"; };
		FA4542AB269B869A00FF2A5F /* ProfileScreen.storyboard */ = {isa = PBXFileReference; lastKnownFileType = file.storyboard; path = ProfileScreen.storyboard; sourceTree = "<group>"; };
		FA4542B0269B86CB00FF2A5F /* ProfileScreenViewController.swift */ = {isa = PBXFileReference; lastKnownFileType = sourcecode.swift; path = ProfileScreenViewController.swift; sourceTree = "<group>"; };
		FA4542B6269B874700FF2A5F /* ProfileScreenPresenter.swift */ = {isa = PBXFileReference; lastKnownFileType = sourcecode.swift; path = ProfileScreenPresenter.swift; sourceTree = "<group>"; };
		FA4542BE269B87CF00FF2A5F /* ProfileScreenInteractor.swift */ = {isa = PBXFileReference; lastKnownFileType = sourcecode.swift; path = ProfileScreenInteractor.swift; sourceTree = "<group>"; };
		FA4542C3269B884800FF2A5F /* ProfileScreenRouter.swift */ = {isa = PBXFileReference; lastKnownFileType = sourcecode.swift; path = ProfileScreenRouter.swift; sourceTree = "<group>"; };
		FAABE3F62691F48A00D16CA1 /* AddFeedbackRequestFactory.swift */ = {isa = PBXFileReference; lastKnownFileType = sourcecode.swift; path = AddFeedbackRequestFactory.swift; sourceTree = "<group>"; };
		FAABE4102691F68100D16CA1 /* AddFeedbackInfo.swift */ = {isa = PBXFileReference; lastKnownFileType = sourcecode.swift; path = AddFeedbackInfo.swift; sourceTree = "<group>"; };
		FAABE4212691F8A900D16CA1 /* DeleteFeedBackRequestFactory.swift */ = {isa = PBXFileReference; lastKnownFileType = sourcecode.swift; path = DeleteFeedBackRequestFactory.swift; sourceTree = "<group>"; };
		FAABE42C2691F90600D16CA1 /* AddFeedbackResult.swift */ = {isa = PBXFileReference; lastKnownFileType = sourcecode.swift; path = AddFeedbackResult.swift; sourceTree = "<group>"; };
		FAABE4342691F9F200D16CA1 /* DeleteFeedbackInfo.swift */ = {isa = PBXFileReference; lastKnownFileType = sourcecode.swift; path = DeleteFeedbackInfo.swift; sourceTree = "<group>"; };
		FAABE4392691FB8600D16CA1 /* DeleteFeedbackResult.swift */ = {isa = PBXFileReference; lastKnownFileType = sourcecode.swift; path = DeleteFeedbackResult.swift; sourceTree = "<group>"; };
		FAABE43E2691FC6500D16CA1 /* GetFeedbacksRequestFactory.swift */ = {isa = PBXFileReference; lastKnownFileType = sourcecode.swift; path = GetFeedbacksRequestFactory.swift; sourceTree = "<group>"; };
		FAABE4432691FCC700D16CA1 /* GetFeedbacksInfo.swift */ = {isa = PBXFileReference; lastKnownFileType = sourcecode.swift; path = GetFeedbacksInfo.swift; sourceTree = "<group>"; };
		FAABE4482691FD9900D16CA1 /* GetFeedbacksResult.swift */ = {isa = PBXFileReference; lastKnownFileType = sourcecode.swift; path = GetFeedbacksResult.swift; sourceTree = "<group>"; };
		FAABE44D2691FDFE00D16CA1 /* FeedbackResult.swift */ = {isa = PBXFileReference; lastKnownFileType = sourcecode.swift; path = FeedbackResult.swift; sourceTree = "<group>"; };
		FAE5AC39267F885F00F070DC /* GBShop.app */ = {isa = PBXFileReference; explicitFileType = wrapper.application; includeInIndex = 0; path = GBShop.app; sourceTree = BUILT_PRODUCTS_DIR; };
		FAE5AC3C267F885F00F070DC /* AppDelegate.swift */ = {isa = PBXFileReference; lastKnownFileType = sourcecode.swift; path = AppDelegate.swift; sourceTree = "<group>"; };
		FAE5AC3E267F885F00F070DC /* SceneDelegate.swift */ = {isa = PBXFileReference; lastKnownFileType = sourcecode.swift; path = SceneDelegate.swift; sourceTree = "<group>"; };
		FAE5AC40267F885F00F070DC /* ViewController.swift */ = {isa = PBXFileReference; lastKnownFileType = sourcecode.swift; path = ViewController.swift; sourceTree = "<group>"; };
		FAE5AC45267F887100F070DC /* Assets.xcassets */ = {isa = PBXFileReference; lastKnownFileType = folder.assetcatalog; path = Assets.xcassets; sourceTree = "<group>"; };
		FAE5AC48267F887100F070DC /* Base */ = {isa = PBXFileReference; lastKnownFileType = file.storyboard; name = Base; path = Base.lproj/LaunchScreen.storyboard; sourceTree = "<group>"; };
		FAE5AC4A267F887100F070DC /* Info.plist */ = {isa = PBXFileReference; lastKnownFileType = text.plist.xml; path = Info.plist; sourceTree = "<group>"; };
		FAE5AC4F267F887100F070DC /* GBShopTests.xctest */ = {isa = PBXFileReference; explicitFileType = wrapper.cfbundle; includeInIndex = 0; path = GBShopTests.xctest; sourceTree = BUILT_PRODUCTS_DIR; };
		FAE5AC55267F887200F070DC /* Info.plist */ = {isa = PBXFileReference; lastKnownFileType = text.plist.xml; path = Info.plist; sourceTree = "<group>"; };
		FAE5AC5A267F887200F070DC /* GBShopUITests.xctest */ = {isa = PBXFileReference; explicitFileType = wrapper.cfbundle; includeInIndex = 0; path = GBShopUITests.xctest; sourceTree = BUILT_PRODUCTS_DIR; };
		FAE5AC5E267F887200F070DC /* GBShopUITests.swift */ = {isa = PBXFileReference; lastKnownFileType = sourcecode.swift; path = GBShopUITests.swift; sourceTree = "<group>"; };
		FAE5AC60267F887200F070DC /* Info.plist */ = {isa = PBXFileReference; lastKnownFileType = text.plist.xml; path = Info.plist; sourceTree = "<group>"; };
		FAE5AC80268278DB00F070DC /* LoginResult.swift */ = {isa = PBXFileReference; lastKnownFileType = sourcecode.swift; path = LoginResult.swift; sourceTree = "<group>"; };
		FAE5AC86268278F600F070DC /* User.swift */ = {isa = PBXFileReference; lastKnownFileType = sourcecode.swift; path = User.swift; sourceTree = "<group>"; };
		FAE5AC8F2682794400F070DC /* AuthRequestFactory.swift */ = {isa = PBXFileReference; lastKnownFileType = sourcecode.swift; path = AuthRequestFactory.swift; sourceTree = "<group>"; };
		FAE5ACA126827A1C00F070DC /* Auth.swift */ = {isa = PBXFileReference; lastKnownFileType = sourcecode.swift; path = Auth.swift; sourceTree = "<group>"; };
		FAE5ACA626827AC200F070DC /* RequestFactory.swift */ = {isa = PBXFileReference; lastKnownFileType = sourcecode.swift; path = RequestFactory.swift; sourceTree = "<group>"; };
		FAE5ACAC26827BF900F070DC /* AbstractErrorParser.swift */ = {isa = PBXFileReference; lastKnownFileType = sourcecode.swift; path = AbstractErrorParser.swift; sourceTree = "<group>"; };
		FAE5ACB126827C5100F070DC /* ErrorParser.swift */ = {isa = PBXFileReference; lastKnownFileType = sourcecode.swift; path = ErrorParser.swift; sourceTree = "<group>"; };
		FAE5ACB626827CB600F070DC /* CustomDecodableSerializer.swift */ = {isa = PBXFileReference; lastKnownFileType = sourcecode.swift; path = CustomDecodableSerializer.swift; sourceTree = "<group>"; };
		FAE5ACBB26827D1800F070DC /* DataRequest.swift */ = {isa = PBXFileReference; lastKnownFileType = sourcecode.swift; path = DataRequest.swift; sourceTree = "<group>"; };
		FAE5ACC126827D6200F070DC /* RequestRouter.swift */ = {isa = PBXFileReference; lastKnownFileType = sourcecode.swift; path = RequestRouter.swift; sourceTree = "<group>"; };
		FAE5ACD32683B07900F070DC /* LogoutRequestFactory.swift */ = {isa = PBXFileReference; lastKnownFileType = sourcecode.swift; path = LogoutRequestFactory.swift; sourceTree = "<group>"; };
		FAE5ACD82683B0FC00F070DC /* LogoutResult.swift */ = {isa = PBXFileReference; lastKnownFileType = sourcecode.swift; path = LogoutResult.swift; sourceTree = "<group>"; };
		FAE5ACDD2683B13A00F070DC /* Logout.swift */ = {isa = PBXFileReference; lastKnownFileType = sourcecode.swift; path = Logout.swift; sourceTree = "<group>"; };
		FAE5ACE22683B5FB00F070DC /* RegistrationRequestFactory.swift */ = {isa = PBXFileReference; lastKnownFileType = sourcecode.swift; path = RegistrationRequestFactory.swift; sourceTree = "<group>"; };
		FAE5ACE72683B6A200F070DC /* RegistrationResult.swift */ = {isa = PBXFileReference; lastKnownFileType = sourcecode.swift; path = RegistrationResult.swift; sourceTree = "<group>"; };
		FAE5ACEC2683B74A00F070DC /* Registration.swift */ = {isa = PBXFileReference; lastKnownFileType = sourcecode.swift; path = Registration.swift; sourceTree = "<group>"; };
		FAE5ACF92683BEF800F070DC /* UserUpdateResult.swift */ = {isa = PBXFileReference; lastKnownFileType = sourcecode.swift; path = UserUpdateResult.swift; sourceTree = "<group>"; };
		FAE5ACFE2683BF2A00F070DC /* UserUpdateRequestFactory.swift */ = {isa = PBXFileReference; lastKnownFileType = sourcecode.swift; path = UserUpdateRequestFactory.swift; sourceTree = "<group>"; };
		FAE5AD032683BF5E00F070DC /* UserUpdate.swift */ = {isa = PBXFileReference; lastKnownFileType = sourcecode.swift; path = UserUpdate.swift; sourceTree = "<group>"; };
		FAE5AD1E268753F400F070DC /* ResponseCodableTests.swift */ = {isa = PBXFileReference; lastKnownFileType = sourcecode.swift; path = ResponseCodableTests.swift; sourceTree = "<group>"; };
		FAE5AD2326875AFE00F070DC /* Config.swift */ = {isa = PBXFileReference; lastKnownFileType = sourcecode.swift; path = Config.swift; sourceTree = "<group>"; };
		FAE5AD5B2687AED500F070DC /* CatalogDataResult.swift */ = {isa = PBXFileReference; lastKnownFileType = sourcecode.swift; path = CatalogDataResult.swift; sourceTree = "<group>"; };
		FAE5AD632687AF2500F070DC /* ProductDetailResult.swift */ = {isa = PBXFileReference; lastKnownFileType = sourcecode.swift; path = ProductDetailResult.swift; sourceTree = "<group>"; };
		FAE5AD682687AFBD00F070DC /* CatalogRequestFactory.swift */ = {isa = PBXFileReference; lastKnownFileType = sourcecode.swift; path = CatalogRequestFactory.swift; sourceTree = "<group>"; };
		FAE5AD6D2687B03300F070DC /* Catalog.swift */ = {isa = PBXFileReference; lastKnownFileType = sourcecode.swift; path = Catalog.swift; sourceTree = "<group>"; };
		FAE5AD7A2687B6F100F070DC /* ProductRequestFactory.swift */ = {isa = PBXFileReference; lastKnownFileType = sourcecode.swift; path = ProductRequestFactory.swift; sourceTree = "<group>"; };
		FAE5AD882687B86B00F070DC /* ProductInfo.swift */ = {isa = PBXFileReference; lastKnownFileType = sourcecode.swift; path = ProductInfo.swift; sourceTree = "<group>"; };
		FAE5AD8E2687BC8D00F070DC /* ProductShortResult.swift */ = {isa = PBXFileReference; lastKnownFileType = sourcecode.swift; path = ProductShortResult.swift; sourceTree = "<group>"; };
/* End PBXFileReference section */

/* Begin PBXFrameworksBuildPhase section */
		FAE5AC36267F885F00F070DC /* Frameworks */ = {
			isa = PBXFrameworksBuildPhase;
			buildActionMask = 2147483647;
			files = (
				4599BAC5E03C3EBCCDF21D14 /* Pods_GBShop.framework in Frameworks */,
			);
			runOnlyForDeploymentPostprocessing = 0;
		};
		FAE5AC4C267F887100F070DC /* Frameworks */ = {
			isa = PBXFrameworksBuildPhase;
			buildActionMask = 2147483647;
			files = (
				23F13501A450B588FDADF601 /* Pods_GBShopTests.framework in Frameworks */,
			);
			runOnlyForDeploymentPostprocessing = 0;
		};
		FAE5AC57267F887200F070DC /* Frameworks */ = {
			isa = PBXFrameworksBuildPhase;
			buildActionMask = 2147483647;
			files = (
				2A80A41E5C6D6E4983C5A6EF /* Pods_GBShop_GBShopUITests.framework in Frameworks */,
			);
			runOnlyForDeploymentPostprocessing = 0;
		};
/* End PBXFrameworksBuildPhase section */

/* Begin PBXGroup section */
		26FA144C2522447184F2E07B /* Frameworks */ = {
			isa = PBXGroup;
			children = (
				2B1A645066655E09ECB34B56 /* Pods_GBShop.framework */,
				3F6A95A979E171A7C841328F /* Pods_GBShop_GBShopUITests.framework */,
				5913A403C7DC942FEE2754EC /* Pods_GBShopTests.framework */,
			);
			name = Frameworks;
			sourceTree = "<group>";
		};
		91864BF9EC11A58AFF7BC039 /* Pods */ = {
			isa = PBXGroup;
			children = (
				AB015104AC4D1FD33F87E74A /* Pods-GBShop.debug.xcconfig */,
				D9370A83FE03ED936C9FEBD9 /* Pods-GBShop.release.xcconfig */,
				F6AE00D07B0383A8C63BD51E /* Pods-GBShop-GBShopUITests.debug.xcconfig */,
				2230E0EC9ECBB5C3CB60082C /* Pods-GBShop-GBShopUITests.release.xcconfig */,
				E7A3D452746A815137DE3F21 /* Pods-GBShopTests.debug.xcconfig */,
				88AED6355739B97FFEA407EC /* Pods-GBShopTests.release.xcconfig */,
			);
			path = Pods;
			sourceTree = "<group>";
		};
		FA04C95326A33FEF007DCCE3 /* ProductScreen */ = {
			isa = PBXGroup;
			children = (
				FA04C96A26A340BD007DCCE3 /* Impl */,
				FA04C95C26A3403B007DCCE3 /* View */,
				FA04C95426A34007007DCCE3 /* ProductScreenAssembler.swift */,
			);
			path = ProductScreen;
			sourceTree = "<group>";
		};
		FA04C95C26A3403B007DCCE3 /* View */ = {
			isa = PBXGroup;
			children = (
				FA04C95D26A34059007DCCE3 /* ProductScreenViewController.swift */,
				FA04C96526A3406B007DCCE3 /* ProductScreen.storyboard */,
			);
			path = View;
			sourceTree = "<group>";
		};
		FA04C96A26A340BD007DCCE3 /* Impl */ = {
			isa = PBXGroup;
			children = (
				FA04C96B26A340D0007DCCE3 /* ProductScreenPresenter.swift */,
				FA04C97026A3414C007DCCE3 /* ProductScreenRouter.swift */,
				FA04C97526A341A8007DCCE3 /* ProductScreenInteractor.swift */,
			);
			path = Impl;
			sourceTree = "<group>";
		};
		FA04C99626A4105E007DCCE3 /* FeedbackScreen */ = {
			isa = PBXGroup;
			children = (
				FA04C9AD26A41185007DCCE3 /* Impl */,
				FA04C99F26A410E1007DCCE3 /* View */,
				FA04C99726A4107D007DCCE3 /* FeedbackScreenAssembler.swift */,
			);
			path = FeedbackScreen;
			sourceTree = "<group>";
		};
		FA04C99F26A410E1007DCCE3 /* View */ = {
			isa = PBXGroup;
			children = (
				FA04C9A026A41103007DCCE3 /* FeedBackScreenViewController.swift */,
				FA04C9A826A4113F007DCCE3 /* FeedbackScreen.storyboard */,
			);
			path = View;
			sourceTree = "<group>";
		};
		FA04C9AD26A41185007DCCE3 /* Impl */ = {
			isa = PBXGroup;
			children = (
				FA04C9AE26A41197007DCCE3 /* FeedbackScreenPresenter.swift */,
				FA04C9B626A41233007DCCE3 /* FeedbackScreenRouter.swift */,
				FA04C9BB26A41262007DCCE3 /* FeedbackScreenInteractor.swift */,
			);
			path = Impl;
			sourceTree = "<group>";
		};
		FA04C9C826A4364C007DCCE3 /* MainTabBarController */ = {
			isa = PBXGroup;
			children = (
				FA098729269F675B005925E7 /* MainTabBarViewController.swift */,
				FA04C9C926A43679007DCCE3 /* MainTabBarControllerAssembler.swift */,
			);
			path = MainTabBarController;
			sourceTree = "<group>";
		};
		FA04CB1026AC420B007DCCE3 /* BasketScreen */ = {
			isa = PBXGroup;
			children = (
				FA04CB2126AC430F007DCCE3 /* Impl */,
				FA04CB1626AC4261007DCCE3 /* View */,
				FA04CB1126AC422C007DCCE3 /* BasketScreenAssembler.swift */,
			);
			path = BasketScreen;
			sourceTree = "<group>";
		};
		FA04CB1626AC4261007DCCE3 /* View */ = {
			isa = PBXGroup;
			children = (
				FA04CB1726AC4271007DCCE3 /* BasketScreen.storyboard */,
				FA04CB1C26AC4292007DCCE3 /* BasketScreenViewController.swift */,
				FA04CB4226AC6D43007DCCE3 /* BasketTableViewCell.swift */,
			);
			path = View;
			sourceTree = "<group>";
		};
		FA04CB2126AC430F007DCCE3 /* Impl */ = {
			isa = PBXGroup;
			children = (
				FA04CB2226AC4325007DCCE3 /* BasketScreenRouter.swift */,
				FA04CB2726AC435B007DCCE3 /* BasketScreenInteractor.swift */,
				FA04CB2C26AC43AE007DCCE3 /* BasketScreenPresenter.swift */,
			);
			path = Impl;
			sourceTree = "<group>";
		};
		FA09873B269F79BE005925E7 /* CatalogScreen */ = {
			isa = PBXGroup;
			children = (
				FA098752269F7BA6005925E7 /* Impl */,
				FA098744269F7A20005925E7 /* View */,
				FA09873C269F79E8005925E7 /* CatalogScreenAssembler.swift */,
			);
			path = CatalogScreen;
			sourceTree = "<group>";
		};
		FA098744269F7A20005925E7 /* View */ = {
			isa = PBXGroup;
			children = (
				FA098745269F7A30005925E7 /* CatalogScreen.storyboard */,
				FA09874A269F7A8A005925E7 /* CatalogScreenViewController.swift */,
				FA098765269F826B005925E7 /* ProductCollectionViewCell.swift */,
			);
			path = View;
			sourceTree = "<group>";
		};
		FA098752269F7BA6005925E7 /* Impl */ = {
			isa = PBXGroup;
			children = (
				FA098756269F7BC3005925E7 /* CatalogScreenPresenter.swift */,
				FA09875B269F7C2A005925E7 /* CatalogScreenRouter.swift */,
				FA098760269F7C5E005925E7 /* CatalogScreenInteractor.swift */,
			);
			path = Impl;
			sourceTree = "<group>";
		};
		FA09876A269F8A13005925E7 /* Extensions */ = {
			isa = PBXGroup;
			children = (
				FA098736269F78BE005925E7 /* UIApplicationExtension.swift */,
			);
			path = Extensions;
			sourceTree = "<group>";
		};
		FA45413E269240CA00FF2A5F /* TestPlanes */ = {
			isa = PBXGroup;
			children = (
				FA45413F2692416400FF2A5F /* All.xctestplan */,
				FA454146269241AE00FF2A5F /* Unit.xctestplan */,
				FA454147269241C000FF2A5F /* UI.xctestplan */,
			);
			path = TestPlanes;
			sourceTree = "<group>";
		};
		FA454199269987A800FF2A5F /* Basket */ = {
			isa = PBXGroup;
			children = (
				FA45419A269987C800FF2A5F /* AddToBasketRequestFactory.swift */,
				FA45419F2699884F00FF2A5F /* AddToBasket.swift */,
				FA4541AD26998A8B00FF2A5F /* DeleteFromBasketRequestFactory.swift */,
				FA4541B226998AC700FF2A5F /* DeleteFromBasket.swift */,
				FA4541C3269991A900FF2A5F /* PayBasketRequestFactory.swift */,
				FA4541C8269991E000FF2A5F /* PayBasket.swift */,
			);
			path = Basket;
			sourceTree = "<group>";
		};
		FA4541D52699958B00FF2A5F /* Basket */ = {
			isa = PBXGroup;
			children = (
				FA4541A52699894000FF2A5F /* AddToBasketResult.swift */,
				FA4541B726998B2B00FF2A5F /* DeleteFromBasketResult.swift */,
				FA4541CD269992B400FF2A5F /* PayBasketResult.swift */,
			);
			path = Basket;
			sourceTree = "<group>";
		};
		FA4541D62699959D00FF2A5F /* Feedback */ = {
			isa = PBXGroup;
			children = (
				FAABE42C2691F90600D16CA1 /* AddFeedbackResult.swift */,
				FAABE4392691FB8600D16CA1 /* DeleteFeedbackResult.swift */,
				FAABE4482691FD9900D16CA1 /* GetFeedbacksResult.swift */,
				FAABE44D2691FDFE00D16CA1 /* FeedbackResult.swift */,
			);
			path = Feedback;
			sourceTree = "<group>";
		};
		FA4541D7269995C200FF2A5F /* Auth */ = {
			isa = PBXGroup;
			children = (
				FAE5AC80268278DB00F070DC /* LoginResult.swift */,
				FAE5AC86268278F600F070DC /* User.swift */,
				FAE5ACD82683B0FC00F070DC /* LogoutResult.swift */,
				FAE5ACE72683B6A200F070DC /* RegistrationResult.swift */,
				FAE5ACF92683BEF800F070DC /* UserUpdateResult.swift */,
			);
			path = Auth;
			sourceTree = "<group>";
		};
		FA4541D8269995DA00FF2A5F /* Catalog */ = {
			isa = PBXGroup;
			children = (
				FAE5AD5B2687AED500F070DC /* CatalogDataResult.swift */,
				FAE5AD632687AF2500F070DC /* ProductDetailResult.swift */,
				FAE5AD8E2687BC8D00F070DC /* ProductShortResult.swift */,
			);
			path = Catalog;
			sourceTree = "<group>";
		};
		FA454231269B60C900FF2A5F /* Screens */ = {
			isa = PBXGroup;
			children = (
				FA04CB1026AC420B007DCCE3 /* BasketScreen */,
				FA04C9C826A4364C007DCCE3 /* MainTabBarController */,
				FA04C99626A4105E007DCCE3 /* FeedbackScreen */,
				FA04C95326A33FEF007DCCE3 /* ProductScreen */,
				FA09873B269F79BE005925E7 /* CatalogScreen */,
				FA4542A1269B860900FF2A5F /* ProfileScreen */,
				FA454268269B742800FF2A5F /* RegistrationScreen */,
				FA454232269B60D200FF2A5F /* LoginScreen */,
			);
			path = Screens;
			sourceTree = "<group>";
		};
		FA454232269B60D200FF2A5F /* LoginScreen */ = {
			isa = PBXGroup;
			children = (
				FA454249269B621100FF2A5F /* Impl */,
				FA45423B269B615E00FF2A5F /* View */,
				FA454233269B612E00FF2A5F /* LoginScreenAssembler.swift */,
			);
			path = LoginScreen;
			sourceTree = "<group>";
		};
		FA45423B269B615E00FF2A5F /* View */ = {
			isa = PBXGroup;
			children = (
				FA45423C269B616D00FF2A5F /* LoginScreen.storyboard */,
				FA454244269B61CB00FF2A5F /* LoginScreenViewController.swift */,
			);
			path = View;
			sourceTree = "<group>";
		};
		FA454249269B621100FF2A5F /* Impl */ = {
			isa = PBXGroup;
			children = (
				FA45424A269B622500FF2A5F /* LoginScreenInteractor.swift */,
				FA454252269B62A500FF2A5F /* LoginScreenPresenter.swift */,
				FA454257269B633800FF2A5F /* LoginScreenRouter.swift */,
			);
			path = Impl;
			sourceTree = "<group>";
		};
		FA454262269B717500FF2A5F /* View */ = {
			isa = PBXGroup;
			children = (
				FA454263269B71A800FF2A5F /* BaseViewController.swift */,
			);
			path = View;
			sourceTree = "<group>";
		};
		FA454268269B742800FF2A5F /* RegistrationScreen */ = {
			isa = PBXGroup;
			children = (
				FA45428A269B7F0C00FF2A5F /* Entity */,
				FA454279269B753C00FF2A5F /* Impl */,
				FA45426E269B749000FF2A5F /* View */,
				FA454269269B745600FF2A5F /* RegistrationScreenAssembler.swift */,
			);
			path = RegistrationScreen;
			sourceTree = "<group>";
		};
		FA45426E269B749000FF2A5F /* View */ = {
			isa = PBXGroup;
			children = (
				FA45426F269B74A400FF2A5F /* RegistrationScreen.storyboard */,
				FA454274269B74C000FF2A5F /* RegistrationScreenViewController.swift */,
			);
			path = View;
			sourceTree = "<group>";
		};
		FA454279269B753C00FF2A5F /* Impl */ = {
			isa = PBXGroup;
			children = (
				FA45427A269B756400FF2A5F /* RegistrationScreenInteractor.swift */,
				FA45427F269B75B200FF2A5F /* RegistrationScreenPresenter.swift */,
				FA454284269B762E00FF2A5F /* RegistrationScreenRouter.swift */,
			);
			path = Impl;
			sourceTree = "<group>";
		};
		FA45428A269B7F0C00FF2A5F /* Entity */ = {
			isa = PBXGroup;
			children = (
				FA45428B269B7F4F00FF2A5F /* UserData.swift */,
			);
			path = Entity;
			sourceTree = "<group>";
		};
		FA4542A1269B860900FF2A5F /* ProfileScreen */ = {
			isa = PBXGroup;
			children = (
				FA4542B5269B872100FF2A5F /* Impl */,
				FA4542AA269B868900FF2A5F /* View */,
				FA4542A2269B864C00FF2A5F /* ProfileScreenAssembler.swift */,
			);
			path = ProfileScreen;
			sourceTree = "<group>";
		};
		FA4542AA269B868900FF2A5F /* View */ = {
			isa = PBXGroup;
			children = (
				FA4542AB269B869A00FF2A5F /* ProfileScreen.storyboard */,
				FA4542B0269B86CB00FF2A5F /* ProfileScreenViewController.swift */,
			);
			path = View;
			sourceTree = "<group>";
		};
		FA4542B5269B872100FF2A5F /* Impl */ = {
			isa = PBXGroup;
			children = (
				FA4542B6269B874700FF2A5F /* ProfileScreenPresenter.swift */,
				FA4542BE269B87CF00FF2A5F /* ProfileScreenInteractor.swift */,
				FA4542C3269B884800FF2A5F /* ProfileScreenRouter.swift */,
			);
			path = Impl;
			sourceTree = "<group>";
		};
		FAABE3F52691F46700D16CA1 /* Feedback */ = {
			isa = PBXGroup;
			children = (
				FAABE3F62691F48A00D16CA1 /* AddFeedbackRequestFactory.swift */,
				FAABE4102691F68100D16CA1 /* AddFeedbackInfo.swift */,
				FAABE4212691F8A900D16CA1 /* DeleteFeedBackRequestFactory.swift */,
				FAABE4342691F9F200D16CA1 /* DeleteFeedbackInfo.swift */,
				FAABE43E2691FC6500D16CA1 /* GetFeedbacksRequestFactory.swift */,
				FAABE4432691FCC700D16CA1 /* GetFeedbacksInfo.swift */,
			);
			path = Feedback;
			sourceTree = "<group>";
		};
		FAE5AC30267F885F00F070DC = {
			isa = PBXGroup;
			children = (
				FA45413E269240CA00FF2A5F /* TestPlanes */,
				FAE5AC3B267F885F00F070DC /* GBShop */,
				FAE5AC52267F887100F070DC /* GBShopTests */,
				FAE5AC5D267F887200F070DC /* GBShopUITests */,
				FAE5AC3A267F885F00F070DC /* Products */,
				91864BF9EC11A58AFF7BC039 /* Pods */,
				26FA144C2522447184F2E07B /* Frameworks */,
			);
			sourceTree = "<group>";
		};
		FAE5AC3A267F885F00F070DC /* Products */ = {
			isa = PBXGroup;
			children = (
				FAE5AC39267F885F00F070DC /* GBShop.app */,
				FAE5AC4F267F887100F070DC /* GBShopTests.xctest */,
				FAE5AC5A267F887200F070DC /* GBShopUITests.xctest */,
			);
			name = Products;
			sourceTree = "<group>";
		};
		FAE5AC3B267F885F00F070DC /* GBShop */ = {
			isa = PBXGroup;
			children = (
				FAE5AC76267F90A400F070DC /* Environments */,
				FAE5AC75267F909B00F070DC /* Resources */,
				FAE5AC74267F909300F070DC /* Core */,
				FAE5AC6F267F904A00F070DC /* App */,
				FAE5AC40267F885F00F070DC /* ViewController.swift */,
			);
			path = GBShop;
			sourceTree = "<group>";
		};
		FAE5AC52267F887100F070DC /* GBShopTests */ = {
			isa = PBXGroup;
			children = (
				FAE5AC55267F887200F070DC /* Info.plist */,
				FAE5AD1E268753F400F070DC /* ResponseCodableTests.swift */,
			);
			path = GBShopTests;
			sourceTree = "<group>";
		};
		FAE5AC5D267F887200F070DC /* GBShopUITests */ = {
			isa = PBXGroup;
			children = (
				FAE5AC5E267F887200F070DC /* GBShopUITests.swift */,
				FAE5AC60267F887200F070DC /* Info.plist */,
			);
			path = GBShopUITests;
			sourceTree = "<group>";
		};
		FAE5AC6F267F904A00F070DC /* App */ = {
			isa = PBXGroup;
			children = (
				FA454231269B60C900FF2A5F /* Screens */,
				FAE5AC3C267F885F00F070DC /* AppDelegate.swift */,
				FAE5AC3E267F885F00F070DC /* SceneDelegate.swift */,
				FAE5AC73267F908900F070DC /* Flows */,
				FAE5AC72267F908000F070DC /* Assembly */,
				FAE5AC71267F907700F070DC /* Entity */,
				FAE5AC70267F906D00F070DC /* BusinessLogic */,
			);
			path = App;
			sourceTree = "<group>";
		};
		FAE5AC70267F906D00F070DC /* BusinessLogic */ = {
			isa = PBXGroup;
			children = (
				FAE5AC8E2682792D00F070DC /* Network */,
			);
			path = BusinessLogic;
			sourceTree = "<group>";
		};
		FAE5AC71267F907700F070DC /* Entity */ = {
			isa = PBXGroup;
			children = (
				FA4541D8269995DA00FF2A5F /* Catalog */,
				FA4541D7269995C200FF2A5F /* Auth */,
				FA4541D62699959D00FF2A5F /* Feedback */,
				FA4541D52699958B00FF2A5F /* Basket */,
			);
			path = Entity;
			sourceTree = "<group>";
		};
		FAE5AC72267F908000F070DC /* Assembly */ = {
			isa = PBXGroup;
			children = (
			);
			path = Assembly;
			sourceTree = "<group>";
		};
		FAE5AC73267F908900F070DC /* Flows */ = {
			isa = PBXGroup;
			children = (
			);
			path = Flows;
			sourceTree = "<group>";
		};
		FAE5AC74267F909300F070DC /* Core */ = {
			isa = PBXGroup;
			children = (
				FA09876A269F8A13005925E7 /* Extensions */,
				FA454262269B717500FF2A5F /* View */,
				FAE5ACAB26827BDF00F070DC /* Network */,
			);
			path = Core;
			sourceTree = "<group>";
		};
		FAE5AC75267F909B00F070DC /* Resources */ = {
			isa = PBXGroup;
			children = (
				FAE5AC45267F887100F070DC /* Assets.xcassets */,
				FAE5AC47267F887100F070DC /* LaunchScreen.storyboard */,
			);
			path = Resources;
			sourceTree = "<group>";
		};
		FAE5AC76267F90A400F070DC /* Environments */ = {
			isa = PBXGroup;
			children = (
				FAE5AC4A267F887100F070DC /* Info.plist */,
				FAE5AD2326875AFE00F070DC /* Config.swift */,
				FA04CBAD26B1D84D007DCCE3 /* GoogleService-Info.plist */,
				FA04CB0B26AC40BD007DCCE3 /* UIConfig.swift */,
				FA04CB3126AC5EC3007DCCE3 /* UserDefaultsWrapper.swift */,
			);
			path = Environments;
			sourceTree = "<group>";
		};
		FAE5AC8E2682792D00F070DC /* Network */ = {
			isa = PBXGroup;
			children = (
				FA454199269987A800FF2A5F /* Basket */,
				FAABE3F52691F46700D16CA1 /* Feedback */,
				FAE5AD792687B6D500F070DC /* Product */,
				FAE5AD5A2687AEAB00F070DC /* Catalog */,
				FAE5AD092683C2E700F070DC /* User */,
				FAE5AD082683C2CA00F070DC /* Auth */,
				FAE5ACA626827AC200F070DC /* RequestFactory.swift */,
			);
			path = Network;
			sourceTree = "<group>";
		};
		FAE5ACAB26827BDF00F070DC /* Network */ = {
			isa = PBXGroup;
			children = (
				FAE5ACAC26827BF900F070DC /* AbstractErrorParser.swift */,
				FAE5ACB126827C5100F070DC /* ErrorParser.swift */,
				FAE5ACB626827CB600F070DC /* CustomDecodableSerializer.swift */,
				FAE5ACBB26827D1800F070DC /* DataRequest.swift */,
				FAE5ACC126827D6200F070DC /* RequestRouter.swift */,
			);
			path = Network;
			sourceTree = "<group>";
		};
		FAE5AD082683C2CA00F070DC /* Auth */ = {
			isa = PBXGroup;
			children = (
				FAE5AC8F2682794400F070DC /* AuthRequestFactory.swift */,
				FAE5ACA126827A1C00F070DC /* Auth.swift */,
				FAE5ACD32683B07900F070DC /* LogoutRequestFactory.swift */,
				FAE5ACDD2683B13A00F070DC /* Logout.swift */,
				FAE5ACE22683B5FB00F070DC /* RegistrationRequestFactory.swift */,
				FAE5ACEC2683B74A00F070DC /* Registration.swift */,
			);
			path = Auth;
			sourceTree = "<group>";
		};
		FAE5AD092683C2E700F070DC /* User */ = {
			isa = PBXGroup;
			children = (
				FAE5ACFE2683BF2A00F070DC /* UserUpdateRequestFactory.swift */,
				FAE5AD032683BF5E00F070DC /* UserUpdate.swift */,
			);
			path = User;
			sourceTree = "<group>";
		};
		FAE5AD5A2687AEAB00F070DC /* Catalog */ = {
			isa = PBXGroup;
			children = (
				FAE5AD682687AFBD00F070DC /* CatalogRequestFactory.swift */,
				FAE5AD6D2687B03300F070DC /* Catalog.swift */,
			);
			path = Catalog;
			sourceTree = "<group>";
		};
		FAE5AD792687B6D500F070DC /* Product */ = {
			isa = PBXGroup;
			children = (
				FAE5AD7A2687B6F100F070DC /* ProductRequestFactory.swift */,
				FAE5AD882687B86B00F070DC /* ProductInfo.swift */,
			);
			path = Product;
			sourceTree = "<group>";
		};
/* End PBXGroup section */

/* Begin PBXNativeTarget section */
		FAE5AC38267F885F00F070DC /* GBShop */ = {
			isa = PBXNativeTarget;
			buildConfigurationList = FAE5AC63267F887200F070DC /* Build configuration list for PBXNativeTarget "GBShop" */;
			buildPhases = (
				D353CF27DDB15FB4253D5EBC /* [CP] Check Pods Manifest.lock */,
				FAE5AC35267F885F00F070DC /* Sources */,
				FAE5AC36267F885F00F070DC /* Frameworks */,
				FAE5AC37267F885F00F070DC /* Resources */,
				ED7F0A6BBDD24CD16A1B3C46 /* [CP] Embed Pods Frameworks */,
				FA4542C8269B966600FF2A5F /* ShellScript */,
			);
			buildRules = (
			);
			dependencies = (
			);
			name = GBShop;
			productName = GBShop;
			productReference = FAE5AC39267F885F00F070DC /* GBShop.app */;
			productType = "com.apple.product-type.application";
		};
		FAE5AC4E267F887100F070DC /* GBShopTests */ = {
			isa = PBXNativeTarget;
			buildConfigurationList = FAE5AC66267F887200F070DC /* Build configuration list for PBXNativeTarget "GBShopTests" */;
			buildPhases = (
				D4AEE29D3AE3DB20376AD143 /* [CP] Check Pods Manifest.lock */,
				FAE5AC4B267F887100F070DC /* Sources */,
				FAE5AC4C267F887100F070DC /* Frameworks */,
				FAE5AC4D267F887100F070DC /* Resources */,
			);
			buildRules = (
			);
			dependencies = (
				FAE5AC51267F887100F070DC /* PBXTargetDependency */,
			);
			name = GBShopTests;
			productName = GBShopTests;
			productReference = FAE5AC4F267F887100F070DC /* GBShopTests.xctest */;
			productType = "com.apple.product-type.bundle.unit-test";
		};
		FAE5AC59267F887200F070DC /* GBShopUITests */ = {
			isa = PBXNativeTarget;
			buildConfigurationList = FAE5AC69267F887200F070DC /* Build configuration list for PBXNativeTarget "GBShopUITests" */;
			buildPhases = (
				E45B5885862A781BF8DB6B9D /* [CP] Check Pods Manifest.lock */,
				FAE5AC56267F887200F070DC /* Sources */,
				FAE5AC57267F887200F070DC /* Frameworks */,
				FAE5AC58267F887200F070DC /* Resources */,
				E3B12E7F61159BA9289DF78D /* [CP] Embed Pods Frameworks */,
			);
			buildRules = (
			);
			dependencies = (
				FAE5AC5C267F887200F070DC /* PBXTargetDependency */,
			);
			name = GBShopUITests;
			productName = GBShopUITests;
			productReference = FAE5AC5A267F887200F070DC /* GBShopUITests.xctest */;
			productType = "com.apple.product-type.bundle.ui-testing";
		};
/* End PBXNativeTarget section */

/* Begin PBXProject section */
		FAE5AC31267F885F00F070DC /* Project object */ = {
			isa = PBXProject;
			attributes = {
				LastSwiftUpdateCheck = 1240;
				LastUpgradeCheck = 1240;
				TargetAttributes = {
					FAE5AC38267F885F00F070DC = {
						CreatedOnToolsVersion = 12.4;
					};
					FAE5AC4E267F887100F070DC = {
						CreatedOnToolsVersion = 12.4;
						TestTargetID = FAE5AC38267F885F00F070DC;
					};
					FAE5AC59267F887200F070DC = {
						CreatedOnToolsVersion = 12.4;
						TestTargetID = FAE5AC38267F885F00F070DC;
					};
				};
			};
			buildConfigurationList = FAE5AC34267F885F00F070DC /* Build configuration list for PBXProject "GBShop" */;
			compatibilityVersion = "Xcode 9.3";
			developmentRegion = en;
			hasScannedForEncodings = 0;
			knownRegions = (
				en,
				Base,
			);
			mainGroup = FAE5AC30267F885F00F070DC;
			productRefGroup = FAE5AC3A267F885F00F070DC /* Products */;
			projectDirPath = "";
			projectRoot = "";
			targets = (
				FAE5AC38267F885F00F070DC /* GBShop */,
				FAE5AC4E267F887100F070DC /* GBShopTests */,
				FAE5AC59267F887200F070DC /* GBShopUITests */,
			);
		};
/* End PBXProject section */

/* Begin PBXResourcesBuildPhase section */
		FAE5AC37267F885F00F070DC /* Resources */ = {
			isa = PBXResourcesBuildPhase;
			buildActionMask = 2147483647;
			files = (
				FAE5AC49267F887100F070DC /* LaunchScreen.storyboard in Resources */,
				FA098746269F7A30005925E7 /* CatalogScreen.storyboard in Resources */,
				FAE5AC46267F887100F070DC /* Assets.xcassets in Resources */,
				FA04C96626A3406B007DCCE3 /* ProductScreen.storyboard in Resources */,
				FA45423D269B616D00FF2A5F /* LoginScreen.storyboard in Resources */,
				FA04C9A926A4113F007DCCE3 /* FeedbackScreen.storyboard in Resources */,
				FA4542AC269B869A00FF2A5F /* ProfileScreen.storyboard in Resources */,
				FA04CBAE26B1D84D007DCCE3 /* GoogleService-Info.plist in Resources */,
				FA454270269B74A400FF2A5F /* RegistrationScreen.storyboard in Resources */,
				FA04CB1826AC4271007DCCE3 /* BasketScreen.storyboard in Resources */,
			);
			runOnlyForDeploymentPostprocessing = 0;
		};
		FAE5AC4D267F887100F070DC /* Resources */ = {
			isa = PBXResourcesBuildPhase;
			buildActionMask = 2147483647;
			files = (
			);
			runOnlyForDeploymentPostprocessing = 0;
		};
		FAE5AC58267F887200F070DC /* Resources */ = {
			isa = PBXResourcesBuildPhase;
			buildActionMask = 2147483647;
			files = (
			);
			runOnlyForDeploymentPostprocessing = 0;
		};
/* End PBXResourcesBuildPhase section */

/* Begin PBXShellScriptBuildPhase section */
		D353CF27DDB15FB4253D5EBC /* [CP] Check Pods Manifest.lock */ = {
			isa = PBXShellScriptBuildPhase;
			buildActionMask = 2147483647;
			files = (
			);
			inputFileListPaths = (
			);
			inputPaths = (
				"${PODS_PODFILE_DIR_PATH}/Podfile.lock",
				"${PODS_ROOT}/Manifest.lock",
			);
			name = "[CP] Check Pods Manifest.lock";
			outputFileListPaths = (
			);
			outputPaths = (
				"$(DERIVED_FILE_DIR)/Pods-GBShop-checkManifestLockResult.txt",
			);
			runOnlyForDeploymentPostprocessing = 0;
			shellPath = /bin/sh;
			shellScript = "diff \"${PODS_PODFILE_DIR_PATH}/Podfile.lock\" \"${PODS_ROOT}/Manifest.lock\" > /dev/null\nif [ $? != 0 ] ; then\n    # print error to STDERR\n    echo \"error: The sandbox is not in sync with the Podfile.lock. Run 'pod install' or update your CocoaPods installation.\" >&2\n    exit 1\nfi\n# This output is used by Xcode 'outputs' to avoid re-running this script phase.\necho \"SUCCESS\" > \"${SCRIPT_OUTPUT_FILE_0}\"\n";
			showEnvVarsInLog = 0;
		};
		D4AEE29D3AE3DB20376AD143 /* [CP] Check Pods Manifest.lock */ = {
			isa = PBXShellScriptBuildPhase;
			buildActionMask = 2147483647;
			files = (
			);
			inputFileListPaths = (
			);
			inputPaths = (
				"${PODS_PODFILE_DIR_PATH}/Podfile.lock",
				"${PODS_ROOT}/Manifest.lock",
			);
			name = "[CP] Check Pods Manifest.lock";
			outputFileListPaths = (
			);
			outputPaths = (
				"$(DERIVED_FILE_DIR)/Pods-GBShopTests-checkManifestLockResult.txt",
			);
			runOnlyForDeploymentPostprocessing = 0;
			shellPath = /bin/sh;
			shellScript = "diff \"${PODS_PODFILE_DIR_PATH}/Podfile.lock\" \"${PODS_ROOT}/Manifest.lock\" > /dev/null\nif [ $? != 0 ] ; then\n    # print error to STDERR\n    echo \"error: The sandbox is not in sync with the Podfile.lock. Run 'pod install' or update your CocoaPods installation.\" >&2\n    exit 1\nfi\n# This output is used by Xcode 'outputs' to avoid re-running this script phase.\necho \"SUCCESS\" > \"${SCRIPT_OUTPUT_FILE_0}\"\n";
			showEnvVarsInLog = 0;
		};
		E3B12E7F61159BA9289DF78D /* [CP] Embed Pods Frameworks */ = {
			isa = PBXShellScriptBuildPhase;
			buildActionMask = 2147483647;
			files = (
			);
			inputFileListPaths = (
				"${PODS_ROOT}/Target Support Files/Pods-GBShop-GBShopUITests/Pods-GBShop-GBShopUITests-frameworks-${CONFIGURATION}-input-files.xcfilelist",
			);
			name = "[CP] Embed Pods Frameworks";
			outputFileListPaths = (
				"${PODS_ROOT}/Target Support Files/Pods-GBShop-GBShopUITests/Pods-GBShop-GBShopUITests-frameworks-${CONFIGURATION}-output-files.xcfilelist",
			);
			runOnlyForDeploymentPostprocessing = 0;
			shellPath = /bin/sh;
			shellScript = "\"${PODS_ROOT}/Target Support Files/Pods-GBShop-GBShopUITests/Pods-GBShop-GBShopUITests-frameworks.sh\"\n";
			showEnvVarsInLog = 0;
		};
		E45B5885862A781BF8DB6B9D /* [CP] Check Pods Manifest.lock */ = {
			isa = PBXShellScriptBuildPhase;
			buildActionMask = 2147483647;
			files = (
			);
			inputFileListPaths = (
			);
			inputPaths = (
				"${PODS_PODFILE_DIR_PATH}/Podfile.lock",
				"${PODS_ROOT}/Manifest.lock",
			);
			name = "[CP] Check Pods Manifest.lock";
			outputFileListPaths = (
			);
			outputPaths = (
				"$(DERIVED_FILE_DIR)/Pods-GBShop-GBShopUITests-checkManifestLockResult.txt",
			);
			runOnlyForDeploymentPostprocessing = 0;
			shellPath = /bin/sh;
			shellScript = "diff \"${PODS_PODFILE_DIR_PATH}/Podfile.lock\" \"${PODS_ROOT}/Manifest.lock\" > /dev/null\nif [ $? != 0 ] ; then\n    # print error to STDERR\n    echo \"error: The sandbox is not in sync with the Podfile.lock. Run 'pod install' or update your CocoaPods installation.\" >&2\n    exit 1\nfi\n# This output is used by Xcode 'outputs' to avoid re-running this script phase.\necho \"SUCCESS\" > \"${SCRIPT_OUTPUT_FILE_0}\"\n";
			showEnvVarsInLog = 0;
		};
		ED7F0A6BBDD24CD16A1B3C46 /* [CP] Embed Pods Frameworks */ = {
			isa = PBXShellScriptBuildPhase;
			buildActionMask = 2147483647;
			files = (
			);
			inputFileListPaths = (
				"${PODS_ROOT}/Target Support Files/Pods-GBShop/Pods-GBShop-frameworks-${CONFIGURATION}-input-files.xcfilelist",
			);
			name = "[CP] Embed Pods Frameworks";
			outputFileListPaths = (
				"${PODS_ROOT}/Target Support Files/Pods-GBShop/Pods-GBShop-frameworks-${CONFIGURATION}-output-files.xcfilelist",
			);
			runOnlyForDeploymentPostprocessing = 0;
			shellPath = /bin/sh;
			shellScript = "\"${PODS_ROOT}/Target Support Files/Pods-GBShop/Pods-GBShop-frameworks.sh\"\n";
			showEnvVarsInLog = 0;
		};
		FA4542C8269B966600FF2A5F /* ShellScript */ = {
			isa = PBXShellScriptBuildPhase;
			buildActionMask = 2147483647;
			files = (
			);
			inputFileListPaths = (
			);
			inputPaths = (
				"${DWARF_DSYM_FOLDER_PATH}/${DWARF_DSYM_FILE_NAME}/Contents/Resources/DWARF/${TARGET_NAME}",
			);
			outputFileListPaths = (
			);
			outputPaths = (
			);
			runOnlyForDeploymentPostprocessing = 0;
			shellPath = /bin/sh;
			shellScript = "\"${PODS_ROOT}/FirebaseCrashlytics/run\"\nif which swiftlint >/dev/null; then\n    swiftlint\nelse\n    echo \"error: SwiftLint does not exist, download it from https://github.com/realm/SwiftLint\"\n    exit 1\n    fi\n";
		};
/* End PBXShellScriptBuildPhase section */

/* Begin PBXSourcesBuildPhase section */
		FAE5AC35267F885F00F070DC /* Sources */ = {
			isa = PBXSourcesBuildPhase;
			buildActionMask = 2147483647;
			files = (
				FA454258269B633800FF2A5F /* LoginScreenRouter.swift in Sources */,
				FA4541A02699884F00FF2A5F /* AddToBasket.swift in Sources */,
				FAE5ACAD26827BF900F070DC /* AbstractErrorParser.swift in Sources */,
				FA04C9A126A41103007DCCE3 /* FeedBackScreenViewController.swift in Sources */,
				FA098757269F7BC3005925E7 /* CatalogScreenPresenter.swift in Sources */,
				FA04C96C26A340D0007DCCE3 /* ProductScreenPresenter.swift in Sources */,
				FA45424B269B622500FF2A5F /* LoginScreenInteractor.swift in Sources */,
				FAE5AD042683BF5E00F070DC /* UserUpdate.swift in Sources */,
				FA04CB1D26AC4292007DCCE3 /* BasketScreenViewController.swift in Sources */,
				FA454285269B762E00FF2A5F /* RegistrationScreenRouter.swift in Sources */,
				FAABE43F2691FC6500D16CA1 /* GetFeedbacksRequestFactory.swift in Sources */,
				FAE5ACDE2683B13A00F070DC /* Logout.swift in Sources */,
				FA04C9AF26A41197007DCCE3 /* FeedbackScreenPresenter.swift in Sources */,
				FA4542BF269B87CF00FF2A5F /* ProfileScreenInteractor.swift in Sources */,
				FA04CB1226AC422C007DCCE3 /* BasketScreenAssembler.swift in Sources */,
				FA45427B269B756400FF2A5F /* RegistrationScreenInteractor.swift in Sources */,
				FAE5AD892687B86B00F070DC /* ProductInfo.swift in Sources */,
				FAE5AD8F2687BC8D00F070DC /* ProductShortResult.swift in Sources */,
				FAABE4492691FD9900D16CA1 /* GetFeedbacksResult.swift in Sources */,
				FAE5ACA726827AC200F070DC /* RequestFactory.swift in Sources */,
				FA4541CE269992B400FF2A5F /* PayBasketResult.swift in Sources */,
				FAE5ACE32683B5FB00F070DC /* RegistrationRequestFactory.swift in Sources */,
				FA4541B326998AC700FF2A5F /* DeleteFromBasket.swift in Sources */,
				FAE5ACED2683B74A00F070DC /* Registration.swift in Sources */,
				FA45426A269B745600FF2A5F /* RegistrationScreenAssembler.swift in Sources */,
				FA4541AE26998A8B00FF2A5F /* DeleteFromBasketRequestFactory.swift in Sources */,
				FAABE43A2691FB8600D16CA1 /* DeleteFeedbackResult.swift in Sources */,
				FA4541C9269991E000FF2A5F /* PayBasket.swift in Sources */,
				FAE5AD5C2687AED500F070DC /* CatalogDataResult.swift in Sources */,
				FA04C95E26A34059007DCCE3 /* ProductScreenViewController.swift in Sources */,
				FAE5AD642687AF2500F070DC /* ProductDetailResult.swift in Sources */,
				FAABE4222691F8A900D16CA1 /* DeleteFeedBackRequestFactory.swift in Sources */,
				FA4542A3269B864D00FF2A5F /* ProfileScreenAssembler.swift in Sources */,
				FAABE4352691F9F200D16CA1 /* DeleteFeedbackInfo.swift in Sources */,
				FA098737269F78BE005925E7 /* UIApplicationExtension.swift in Sources */,
				FA04CB2326AC4325007DCCE3 /* BasketScreenRouter.swift in Sources */,
				FAABE42D2691F90600D16CA1 /* AddFeedbackResult.swift in Sources */,
				FA04C9CA26A43679007DCCE3 /* MainTabBarControllerAssembler.swift in Sources */,
				FAABE4442691FCC700D16CA1 /* GetFeedbacksInfo.swift in Sources */,
				FA45428C269B7F4F00FF2A5F /* UserData.swift in Sources */,
				FA4542B1269B86CB00FF2A5F /* ProfileScreenViewController.swift in Sources */,
				FA454253269B62A500FF2A5F /* LoginScreenPresenter.swift in Sources */,
				FAE5ACD42683B07900F070DC /* LogoutRequestFactory.swift in Sources */,
				FA04C9B726A41233007DCCE3 /* FeedbackScreenRouter.swift in Sources */,
				FA4542B7269B874700FF2A5F /* ProfileScreenPresenter.swift in Sources */,
				FA04C9BC26A41262007DCCE3 /* FeedbackScreenInteractor.swift in Sources */,
				FAE5AD6E2687B03300F070DC /* Catalog.swift in Sources */,
				FAABE44E2691FDFE00D16CA1 /* FeedbackResult.swift in Sources */,
				FA04C97126A3414C007DCCE3 /* ProductScreenRouter.swift in Sources */,
				FAE5ACD92683B0FC00F070DC /* LogoutResult.swift in Sources */,
				FA4541A62699894000FF2A5F /* AddToBasketResult.swift in Sources */,
				FA09875C269F7C2A005925E7 /* CatalogScreenRouter.swift in Sources */,
				FA4542C4269B884800FF2A5F /* ProfileScreenRouter.swift in Sources */,
				FA04CB2D26AC43AE007DCCE3 /* BasketScreenPresenter.swift in Sources */,
				FAE5AC81268278DB00F070DC /* LoginResult.swift in Sources */,
				FAE5ACBC26827D1800F070DC /* DataRequest.swift in Sources */,
				FAABE3F72691F48A00D16CA1 /* AddFeedbackRequestFactory.swift in Sources */,
				FA09872A269F675B005925E7 /* MainTabBarViewController.swift in Sources */,
				FAE5AC41267F885F00F070DC /* ViewController.swift in Sources */,
				FA4541B826998B2B00FF2A5F /* DeleteFromBasketResult.swift in Sources */,
				FA454264269B71A800FF2A5F /* BaseViewController.swift in Sources */,
				FA09873D269F79E8005925E7 /* CatalogScreenAssembler.swift in Sources */,
				FA098766269F826B005925E7 /* ProductCollectionViewCell.swift in Sources */,
				FAE5AC902682794400F070DC /* AuthRequestFactory.swift in Sources */,
				FAE5ACB726827CB700F070DC /* CustomDecodableSerializer.swift in Sources */,
				FA454234269B612E00FF2A5F /* LoginScreenAssembler.swift in Sources */,
				FA04C99826A4107D007DCCE3 /* FeedbackScreenAssembler.swift in Sources */,
				FAE5ACB226827C5100F070DC /* ErrorParser.swift in Sources */,
				FA04C95526A34007007DCCE3 /* ProductScreenAssembler.swift in Sources */,
				FA04C97626A341A8007DCCE3 /* ProductScreenInteractor.swift in Sources */,
				FAE5AC3D267F885F00F070DC /* AppDelegate.swift in Sources */,
				FAE5ACA226827A1C00F070DC /* Auth.swift in Sources */,
				FA098761269F7C5E005925E7 /* CatalogScreenInteractor.swift in Sources */,
				FAE5AC87268278F600F070DC /* User.swift in Sources */,
				FAE5ACE82683B6A200F070DC /* RegistrationResult.swift in Sources */,
				FAE5AD2426875AFE00F070DC /* Config.swift in Sources */,
				FA454245269B61CB00FF2A5F /* LoginScreenViewController.swift in Sources */,
				FAE5AC3F267F885F00F070DC /* SceneDelegate.swift in Sources */,
				FA454275269B74C000FF2A5F /* RegistrationScreenViewController.swift in Sources */,
				FAE5ACFA2683BEF800F070DC /* UserUpdateResult.swift in Sources */,
				FAE5AD7B2687B6F100F070DC /* ProductRequestFactory.swift in Sources */,
				FA04CB2826AC435B007DCCE3 /* BasketScreenInteractor.swift in Sources */,
				FA04CB4326AC6D44007DCCE3 /* BasketTableViewCell.swift in Sources */,
				FA04CB0C26AC40BD007DCCE3 /* UIConfig.swift in Sources */,
				FAE5ACFF2683BF2A00F070DC /* UserUpdateRequestFactory.swift in Sources */,
				FA04CB3226AC5EC3007DCCE3 /* UserDefaultsWrapper.swift in Sources */,
				FA45419B269987C800FF2A5F /* AddToBasketRequestFactory.swift in Sources */,
				FA4541C4269991A900FF2A5F /* PayBasketRequestFactory.swift in Sources */,
				FAE5AD692687AFBD00F070DC /* CatalogRequestFactory.swift in Sources */,
				FA09874B269F7A8A005925E7 /* CatalogScreenViewController.swift in Sources */,
				FAABE4112691F68100D16CA1 /* AddFeedbackInfo.swift in Sources */,
				FAE5ACC226827D6200F070DC /* RequestRouter.swift in Sources */,
				FA454280269B75B200FF2A5F /* RegistrationScreenPresenter.swift in Sources */,
			);
			runOnlyForDeploymentPostprocessing = 0;
		};
		FAE5AC4B267F887100F070DC /* Sources */ = {
			isa = PBXSourcesBuildPhase;
			buildActionMask = 2147483647;
			files = (
				FAE5AD1F268753F400F070DC /* ResponseCodableTests.swift in Sources */,
			);
			runOnlyForDeploymentPostprocessing = 0;
		};
		FAE5AC56267F887200F070DC /* Sources */ = {
			isa = PBXSourcesBuildPhase;
			buildActionMask = 2147483647;
			files = (
				FAE5AC5F267F887200F070DC /* GBShopUITests.swift in Sources */,
			);
			runOnlyForDeploymentPostprocessing = 0;
		};
/* End PBXSourcesBuildPhase section */

/* Begin PBXTargetDependency section */
		FAE5AC51267F887100F070DC /* PBXTargetDependency */ = {
			isa = PBXTargetDependency;
			target = FAE5AC38267F885F00F070DC /* GBShop */;
			targetProxy = FAE5AC50267F887100F070DC /* PBXContainerItemProxy */;
		};
		FAE5AC5C267F887200F070DC /* PBXTargetDependency */ = {
			isa = PBXTargetDependency;
			target = FAE5AC38267F885F00F070DC /* GBShop */;
			targetProxy = FAE5AC5B267F887200F070DC /* PBXContainerItemProxy */;
		};
/* End PBXTargetDependency section */

/* Begin PBXVariantGroup section */
		FAE5AC47267F887100F070DC /* LaunchScreen.storyboard */ = {
			isa = PBXVariantGroup;
			children = (
				FAE5AC48267F887100F070DC /* Base */,
			);
			name = LaunchScreen.storyboard;
			sourceTree = "<group>";
		};
/* End PBXVariantGroup section */

/* Begin XCBuildConfiguration section */
		FAE5AC61267F887200F070DC /* Debug */ = {
			isa = XCBuildConfiguration;
			buildSettings = {
				ALWAYS_SEARCH_USER_PATHS = NO;
				CLANG_ANALYZER_NONNULL = YES;
				CLANG_ANALYZER_NUMBER_OBJECT_CONVERSION = YES_AGGRESSIVE;
				CLANG_CXX_LANGUAGE_STANDARD = "gnu++14";
				CLANG_CXX_LIBRARY = "libc++";
				CLANG_ENABLE_MODULES = YES;
				CLANG_ENABLE_OBJC_ARC = YES;
				CLANG_ENABLE_OBJC_WEAK = YES;
				CLANG_WARN_BLOCK_CAPTURE_AUTORELEASING = YES;
				CLANG_WARN_BOOL_CONVERSION = YES;
				CLANG_WARN_COMMA = YES;
				CLANG_WARN_CONSTANT_CONVERSION = YES;
				CLANG_WARN_DEPRECATED_OBJC_IMPLEMENTATIONS = YES;
				CLANG_WARN_DIRECT_OBJC_ISA_USAGE = YES_ERROR;
				CLANG_WARN_DOCUMENTATION_COMMENTS = YES;
				CLANG_WARN_EMPTY_BODY = YES;
				CLANG_WARN_ENUM_CONVERSION = YES;
				CLANG_WARN_INFINITE_RECURSION = YES;
				CLANG_WARN_INT_CONVERSION = YES;
				CLANG_WARN_NON_LITERAL_NULL_CONVERSION = YES;
				CLANG_WARN_OBJC_IMPLICIT_RETAIN_SELF = YES;
				CLANG_WARN_OBJC_LITERAL_CONVERSION = YES;
				CLANG_WARN_OBJC_ROOT_CLASS = YES_ERROR;
				CLANG_WARN_QUOTED_INCLUDE_IN_FRAMEWORK_HEADER = YES;
				CLANG_WARN_RANGE_LOOP_ANALYSIS = YES;
				CLANG_WARN_STRICT_PROTOTYPES = YES;
				CLANG_WARN_SUSPICIOUS_MOVE = YES;
				CLANG_WARN_UNGUARDED_AVAILABILITY = YES_AGGRESSIVE;
				CLANG_WARN_UNREACHABLE_CODE = YES;
				CLANG_WARN__DUPLICATE_METHOD_MATCH = YES;
				COPY_PHASE_STRIP = NO;
				DEBUG_INFORMATION_FORMAT = dwarf;
				ENABLE_STRICT_OBJC_MSGSEND = YES;
				ENABLE_TESTABILITY = YES;
				GCC_C_LANGUAGE_STANDARD = gnu11;
				GCC_DYNAMIC_NO_PIC = NO;
				GCC_NO_COMMON_BLOCKS = YES;
				GCC_OPTIMIZATION_LEVEL = 0;
				GCC_PREPROCESSOR_DEFINITIONS = (
					"DEBUG=1",
					"$(inherited)",
				);
				GCC_WARN_64_TO_32_BIT_CONVERSION = YES;
				GCC_WARN_ABOUT_RETURN_TYPE = YES_ERROR;
				GCC_WARN_UNDECLARED_SELECTOR = YES;
				GCC_WARN_UNINITIALIZED_AUTOS = YES_AGGRESSIVE;
				GCC_WARN_UNUSED_FUNCTION = YES;
				GCC_WARN_UNUSED_VARIABLE = YES;
				IPHONEOS_DEPLOYMENT_TARGET = 14.4;
				MTL_ENABLE_DEBUG_INFO = INCLUDE_SOURCE;
				MTL_FAST_MATH = YES;
				ONLY_ACTIVE_ARCH = YES;
				SDKROOT = iphoneos;
				SWIFT_ACTIVE_COMPILATION_CONDITIONS = DEBUG;
				SWIFT_OPTIMIZATION_LEVEL = "-Onone";
			};
			name = Debug;
		};
		FAE5AC62267F887200F070DC /* Release */ = {
			isa = XCBuildConfiguration;
			buildSettings = {
				ALWAYS_SEARCH_USER_PATHS = NO;
				CLANG_ANALYZER_NONNULL = YES;
				CLANG_ANALYZER_NUMBER_OBJECT_CONVERSION = YES_AGGRESSIVE;
				CLANG_CXX_LANGUAGE_STANDARD = "gnu++14";
				CLANG_CXX_LIBRARY = "libc++";
				CLANG_ENABLE_MODULES = YES;
				CLANG_ENABLE_OBJC_ARC = YES;
				CLANG_ENABLE_OBJC_WEAK = YES;
				CLANG_WARN_BLOCK_CAPTURE_AUTORELEASING = YES;
				CLANG_WARN_BOOL_CONVERSION = YES;
				CLANG_WARN_COMMA = YES;
				CLANG_WARN_CONSTANT_CONVERSION = YES;
				CLANG_WARN_DEPRECATED_OBJC_IMPLEMENTATIONS = YES;
				CLANG_WARN_DIRECT_OBJC_ISA_USAGE = YES_ERROR;
				CLANG_WARN_DOCUMENTATION_COMMENTS = YES;
				CLANG_WARN_EMPTY_BODY = YES;
				CLANG_WARN_ENUM_CONVERSION = YES;
				CLANG_WARN_INFINITE_RECURSION = YES;
				CLANG_WARN_INT_CONVERSION = YES;
				CLANG_WARN_NON_LITERAL_NULL_CONVERSION = YES;
				CLANG_WARN_OBJC_IMPLICIT_RETAIN_SELF = YES;
				CLANG_WARN_OBJC_LITERAL_CONVERSION = YES;
				CLANG_WARN_OBJC_ROOT_CLASS = YES_ERROR;
				CLANG_WARN_QUOTED_INCLUDE_IN_FRAMEWORK_HEADER = YES;
				CLANG_WARN_RANGE_LOOP_ANALYSIS = YES;
				CLANG_WARN_STRICT_PROTOTYPES = YES;
				CLANG_WARN_SUSPICIOUS_MOVE = YES;
				CLANG_WARN_UNGUARDED_AVAILABILITY = YES_AGGRESSIVE;
				CLANG_WARN_UNREACHABLE_CODE = YES;
				CLANG_WARN__DUPLICATE_METHOD_MATCH = YES;
				COPY_PHASE_STRIP = NO;
				DEBUG_INFORMATION_FORMAT = "dwarf-with-dsym";
				ENABLE_NS_ASSERTIONS = NO;
				ENABLE_STRICT_OBJC_MSGSEND = YES;
				GCC_C_LANGUAGE_STANDARD = gnu11;
				GCC_NO_COMMON_BLOCKS = YES;
				GCC_WARN_64_TO_32_BIT_CONVERSION = YES;
				GCC_WARN_ABOUT_RETURN_TYPE = YES_ERROR;
				GCC_WARN_UNDECLARED_SELECTOR = YES;
				GCC_WARN_UNINITIALIZED_AUTOS = YES_AGGRESSIVE;
				GCC_WARN_UNUSED_FUNCTION = YES;
				GCC_WARN_UNUSED_VARIABLE = YES;
				IPHONEOS_DEPLOYMENT_TARGET = 14.4;
				MTL_ENABLE_DEBUG_INFO = NO;
				MTL_FAST_MATH = YES;
				SDKROOT = iphoneos;
				SWIFT_COMPILATION_MODE = wholemodule;
				SWIFT_OPTIMIZATION_LEVEL = "-O";
				VALIDATE_PRODUCT = YES;
			};
			name = Release;
		};
		FAE5AC64267F887200F070DC /* Debug */ = {
			isa = XCBuildConfiguration;
			baseConfigurationReference = AB015104AC4D1FD33F87E74A /* Pods-GBShop.debug.xcconfig */;
			buildSettings = {
				ASSETCATALOG_COMPILER_APPICON_NAME = AppIcon;
				ASSETCATALOG_COMPILER_GLOBAL_ACCENT_COLOR_NAME = AccentColor;
				CODE_SIGN_STYLE = Automatic;
				DEBUG_INFORMATION_FORMAT = "dwarf-with-dsym";
				DEVELOPMENT_TEAM = 7CP7J55BQL;
				INFOPLIST_FILE = GBShop/Environments/Info.plist;
				LD_RUNPATH_SEARCH_PATHS = (
					"$(inherited)",
					"@executable_path/Frameworks",
				);
				PRODUCT_BUNDLE_IDENTIFIER = com.Ismail.GBShop;
				PRODUCT_NAME = "$(TARGET_NAME)";
				SWIFT_VERSION = 5.0;
				TARGETED_DEVICE_FAMILY = "1,2";
			};
			name = Debug;
		};
		FAE5AC65267F887200F070DC /* Release */ = {
			isa = XCBuildConfiguration;
			baseConfigurationReference = D9370A83FE03ED936C9FEBD9 /* Pods-GBShop.release.xcconfig */;
			buildSettings = {
				ASSETCATALOG_COMPILER_APPICON_NAME = AppIcon;
				ASSETCATALOG_COMPILER_GLOBAL_ACCENT_COLOR_NAME = AccentColor;
				CODE_SIGN_STYLE = Automatic;
				DEVELOPMENT_TEAM = 7CP7J55BQL;
				INFOPLIST_FILE = GBShop/Environments/Info.plist;
				LD_RUNPATH_SEARCH_PATHS = (
					"$(inherited)",
					"@executable_path/Frameworks",
				);
				PRODUCT_BUNDLE_IDENTIFIER = com.Ismail.GBShop;
				PRODUCT_NAME = "$(TARGET_NAME)";
				SWIFT_VERSION = 5.0;
				TARGETED_DEVICE_FAMILY = "1,2";
			};
			name = Release;
		};
		FAE5AC67267F887200F070DC /* Debug */ = {
			isa = XCBuildConfiguration;
			baseConfigurationReference = E7A3D452746A815137DE3F21 /* Pods-GBShopTests.debug.xcconfig */;
			buildSettings = {
				ALWAYS_EMBED_SWIFT_STANDARD_LIBRARIES = YES;
				BUNDLE_LOADER = "$(TEST_HOST)";
				CODE_SIGN_STYLE = Automatic;
				DEVELOPMENT_TEAM = 7CP7J55BQL;
				INFOPLIST_FILE = GBShopTests/Info.plist;
				IPHONEOS_DEPLOYMENT_TARGET = 14.4;
				LD_RUNPATH_SEARCH_PATHS = (
					"$(inherited)",
					"@executable_path/Frameworks",
					"@loader_path/Frameworks",
				);
				PRODUCT_BUNDLE_IDENTIFIER = com.Ismail.GBShopTests;
				PRODUCT_NAME = "$(TARGET_NAME)";
				SWIFT_VERSION = 5.0;
				TARGETED_DEVICE_FAMILY = "1,2";
				TEST_HOST = "$(BUILT_PRODUCTS_DIR)/GBShop.app/GBShop";
			};
			name = Debug;
		};
		FAE5AC68267F887200F070DC /* Release */ = {
			isa = XCBuildConfiguration;
			baseConfigurationReference = 88AED6355739B97FFEA407EC /* Pods-GBShopTests.release.xcconfig */;
			buildSettings = {
				ALWAYS_EMBED_SWIFT_STANDARD_LIBRARIES = YES;
				BUNDLE_LOADER = "$(TEST_HOST)";
				CODE_SIGN_STYLE = Automatic;
				DEVELOPMENT_TEAM = 7CP7J55BQL;
				INFOPLIST_FILE = GBShopTests/Info.plist;
				IPHONEOS_DEPLOYMENT_TARGET = 14.4;
				LD_RUNPATH_SEARCH_PATHS = (
					"$(inherited)",
					"@executable_path/Frameworks",
					"@loader_path/Frameworks",
				);
				PRODUCT_BUNDLE_IDENTIFIER = com.Ismail.GBShopTests;
				PRODUCT_NAME = "$(TARGET_NAME)";
				SWIFT_VERSION = 5.0;
				TARGETED_DEVICE_FAMILY = "1,2";
				TEST_HOST = "$(BUILT_PRODUCTS_DIR)/GBShop.app/GBShop";
			};
			name = Release;
		};
		FAE5AC6A267F887200F070DC /* Debug */ = {
			isa = XCBuildConfiguration;
			baseConfigurationReference = F6AE00D07B0383A8C63BD51E /* Pods-GBShop-GBShopUITests.debug.xcconfig */;
			buildSettings = {
				ALWAYS_EMBED_SWIFT_STANDARD_LIBRARIES = YES;
				CODE_SIGN_STYLE = Automatic;
				DEVELOPMENT_TEAM = 7CP7J55BQL;
				INFOPLIST_FILE = GBShopUITests/Info.plist;
				LD_RUNPATH_SEARCH_PATHS = (
					"$(inherited)",
					"@executable_path/Frameworks",
					"@loader_path/Frameworks",
				);
				PRODUCT_BUNDLE_IDENTIFIER = com.Ismail.GBShopUITests;
				PRODUCT_NAME = "$(TARGET_NAME)";
				SWIFT_VERSION = 5.0;
				TARGETED_DEVICE_FAMILY = "1,2";
				TEST_TARGET_NAME = GBShop;
			};
			name = Debug;
		};
		FAE5AC6B267F887200F070DC /* Release */ = {
			isa = XCBuildConfiguration;
			baseConfigurationReference = 2230E0EC9ECBB5C3CB60082C /* Pods-GBShop-GBShopUITests.release.xcconfig */;
			buildSettings = {
				ALWAYS_EMBED_SWIFT_STANDARD_LIBRARIES = YES;
				CODE_SIGN_STYLE = Automatic;
				DEVELOPMENT_TEAM = 7CP7J55BQL;
				INFOPLIST_FILE = GBShopUITests/Info.plist;
				LD_RUNPATH_SEARCH_PATHS = (
					"$(inherited)",
					"@executable_path/Frameworks",
					"@loader_path/Frameworks",
				);
				PRODUCT_BUNDLE_IDENTIFIER = com.Ismail.GBShopUITests;
				PRODUCT_NAME = "$(TARGET_NAME)";
				SWIFT_VERSION = 5.0;
				TARGETED_DEVICE_FAMILY = "1,2";
				TEST_TARGET_NAME = GBShop;
			};
			name = Release;
		};
/* End XCBuildConfiguration section */

/* Begin XCConfigurationList section */
		FAE5AC34267F885F00F070DC /* Build configuration list for PBXProject "GBShop" */ = {
			isa = XCConfigurationList;
			buildConfigurations = (
				FAE5AC61267F887200F070DC /* Debug */,
				FAE5AC62267F887200F070DC /* Release */,
			);
			defaultConfigurationIsVisible = 0;
			defaultConfigurationName = Release;
		};
		FAE5AC63267F887200F070DC /* Build configuration list for PBXNativeTarget "GBShop" */ = {
			isa = XCConfigurationList;
			buildConfigurations = (
				FAE5AC64267F887200F070DC /* Debug */,
				FAE5AC65267F887200F070DC /* Release */,
			);
			defaultConfigurationIsVisible = 0;
			defaultConfigurationName = Release;
		};
		FAE5AC66267F887200F070DC /* Build configuration list for PBXNativeTarget "GBShopTests" */ = {
			isa = XCConfigurationList;
			buildConfigurations = (
				FAE5AC67267F887200F070DC /* Debug */,
				FAE5AC68267F887200F070DC /* Release */,
			);
			defaultConfigurationIsVisible = 0;
			defaultConfigurationName = Release;
		};
		FAE5AC69267F887200F070DC /* Build configuration list for PBXNativeTarget "GBShopUITests" */ = {
			isa = XCConfigurationList;
			buildConfigurations = (
				FAE5AC6A267F887200F070DC /* Debug */,
				FAE5AC6B267F887200F070DC /* Release */,
			);
			defaultConfigurationIsVisible = 0;
			defaultConfigurationName = Release;
		};
/* End XCConfigurationList section */
	};
	rootObject = FAE5AC31267F885F00F070DC /* Project object */;
}
